
Microsoft Visual Studio Solution File, Format Version 12.00
# Visual Studio 2013
VisualStudioVersion = 12.0.30110.0
MinimumVisualStudioVersion = 10.0.40219.1
Project("{2150E333-8FDC-42A3-9474-1A3956D46DE8}") = "Web", "Web", "{16737015-FE69-42C8-980E-56350EED0D50}"
EndProject
Project("{2150E333-8FDC-42A3-9474-1A3956D46DE8}") = "Business", "Business", "{173AC5D4-7879-4A50-A4CD-596B22D0FB51}"
EndProject
Project("{2150E333-8FDC-42A3-9474-1A3956D46DE8}") = "Common", "Common", "{32B405E5-12BF-47DA-9263-03EA099B25CB}"
EndProject
Project("{2150E333-8FDC-42A3-9474-1A3956D46DE8}") = "PXShared", "PXShared", "{6D5FD2C4-409E-42F0-B17B-78DB32C863D6}"
EndProject
Project("{FAE04EC0-301F-11D3-BF4B-00C04F79EFBC}") = "Bfw.Agilix.Commands", "PXShared\Bfw.Agilix\Bfw.Agilix.Commands\Bfw.Agilix.Commands.csproj", "{19E52C79-1FE3-4385-A035-B603213C099E}"
EndProject
Project("{FAE04EC0-301F-11D3-BF4B-00C04F79EFBC}") = "Bfw.Agilix.DataContracts", "PXShared\Bfw.Agilix\Bfw.Agilix.DataContracts\Bfw.Agilix.DataContracts.csproj", "{4D185F8E-C2A0-442A-A05E-78B566361562}"
EndProject
Project("{FAE04EC0-301F-11D3-BF4B-00C04F79EFBC}") = "Bfw.Agilix.Dlap", "PXShared\Bfw.Agilix\Bfw.Agilix.Dlap\Bfw.Agilix.Dlap.csproj", "{F5A60C36-AA1F-4849-A9E7-465F7963DF9F}"
EndProject
Project("{FAE04EC0-301F-11D3-BF4B-00C04F79EFBC}") = "Bfw.Agilix.Dlap.Components", "PXShared\Bfw.Agilix\Bfw.Agilix.Dlap.Components\Bfw.Agilix.Dlap.Components.csproj", "{BFFD6B7A-4EA1-431A-916A-8214BD16E049}"
EndProject
Project("{FAE04EC0-301F-11D3-BF4B-00C04F79EFBC}") = "Bfw.Common", "PXShared\Bfw.Common\Bfw.Common\Bfw.Common.csproj", "{4F1BF9DB-1226-4867-9E41-129B214F24F2}"
EndProject
Project("{FAE04EC0-301F-11D3-BF4B-00C04F79EFBC}") = "Bfw.Common.HttpModules", "PXShared\Bfw.Common\Bfw.Common.HttpModules\Bfw.Common.HttpModules.csproj", "{36DBAE21-2A80-4C92-B72D-50843A18FCED}"
EndProject
Project("{FAE04EC0-301F-11D3-BF4B-00C04F79EFBC}") = "Bfw.Common.Xaml", "PXShared\Bfw.Common\Bfw.Common.Xaml\Bfw.Common.Xaml.csproj", "{E1052EA2-8A39-4650-B22F-728393781E13}"
EndProject
Project("{FAE04EC0-301F-11D3-BF4B-00C04F79EFBC}") = "Macmillan.PXQBA.Business.Services", "Business\Macmillan.PXQBA.Business.Services\Macmillan.PXQBA.Business.Services.csproj", "{CF2B92A9-6E1D-4472-AD9C-AED6DC86A62C}"
EndProject
Project("{FAE04EC0-301F-11D3-BF4B-00C04F79EFBC}") = "Macmillan.PXQBA.Business.Contracts", "Business\Macmillan.PXQBA.Business.Contracts\Macmillan.PXQBA.Business.Contracts.csproj", "{C7070F01-3D37-425D-ABD5-E02D7CFAEA43}"
EndProject
Project("{FAE04EC0-301F-11D3-BF4B-00C04F79EFBC}") = "Bfw.Common.Patterns", "PXShared\Bfw.Common\Bfw.Common.Patterns\Bfw.Common.Patterns.csproj", "{AD00B777-4D80-4D59-AFA0-BD3088938BFF}"
EndProject
Project("{FAE04EC0-301F-11D3-BF4B-00C04F79EFBC}") = "Macmillan.PXQBA.Common.Logging", "Common\Macmillan.PXQBA.Common.Logging\Macmillan.PXQBA.Common.Logging.csproj", "{45A498CC-0FDF-4B3B-833B-FD0B008AA8D9}"
EndProject
Project("{FAE04EC0-301F-11D3-BF4B-00C04F79EFBC}") = "Macmillan.PXQBA.Web", "Web\Macmillan.PXQBA.Web\Macmillan.PXQBA.Web.csproj", "{02E49EBA-183A-4599-AE1B-3F285F4C6DF2}"
EndProject
Project("{FAE04EC0-301F-11D3-BF4B-00C04F79EFBC}") = "Macmillan.PXQBA.Common.Helpers", "Common\Macmillan.PXQBA.Common.Helpers\Macmillan.PXQBA.Common.Helpers.csproj", "{DC4AEAAB-7123-4E1C-BD7D-FB0913C68B2C}"
EndProject
Project("{FAE04EC0-301F-11D3-BF4B-00C04F79EFBC}") = "Macmillan.PXQBA.Business", "Business\Macmillan.PXQBA.Business.Context\Macmillan.PXQBA.Business.csproj", "{B1D7B9EC-976A-4C09-A46F-81C1D7933B12}"
EndProject
Project("{FAE04EC0-301F-11D3-BF4B-00C04F79EFBC}") = "Macmillan.PXQBA.Business.Models", "Business\Macmillan.PXQBA.Business.Models\Macmillan.PXQBA.Business.Models.csproj", "{800708C5-6692-4C91-BE89-729A017B5027}"
EndProject
Project("{2150E333-8FDC-42A3-9474-1A3956D46DE8}") = "Tests", "Tests", "{FF845810-CB11-44FA-93AF-0BC8136A2D3A}"
EndProject
Project("{FAE04EC0-301F-11D3-BF4B-00C04F79EFBC}") = "Macmillan.PXQBA.Business.Commands", "Business\Macmillan.PXQBA.Business.Commands\Macmillan.PXQBA.Business.Commands.csproj", "{DCC579E2-F0D2-48C9-B660-DFAF8858C40C}"
EndProject
Project("{FAE04EC0-301F-11D3-BF4B-00C04F79EFBC}") = "Macmillan.PXQBA.Web.ViewModels", "Web\Macmillan.PXQBA.Web.ViewModels\Macmillan.PXQBA.Web.ViewModels.csproj", "{718F7559-6447-4674-AFA4-61A46A1732CB}"
EndProject
Project("{FAE04EC0-301F-11D3-BF4B-00C04F79EFBC}") = "Bfw.PX.Biz.Direct.Services", "PXShared\Bfw.PX.Biz\Bfw.PX.Biz.Direct.Services\Bfw.PX.Biz.Direct.Services.csproj", "{756A544B-3923-4A7E-847A-9AAB50FEB106}"
EndProject
Project("{FAE04EC0-301F-11D3-BF4B-00C04F79EFBC}") = "Bfw.PX.Biz.Services.Mappers", "PXShared\Bfw.PX.Biz\Bfw.PX.Biz.Services.Mappers\Bfw.PX.Biz.Services.Mappers.csproj", "{ABEDE889-2258-4429-87C8-96AF317C7593}"
EndProject
Project("{FAE04EC0-301F-11D3-BF4B-00C04F79EFBC}") = "Bfw.PX.Biz.DataContracts", "PXShared\Bfw.PX.Biz\Bfw.PX.Biz.DataContracts\Bfw.PX.Biz.DataContracts.csproj", "{71124912-42B5-49BF-ACBD-E38F09FACA70}"
EndProject
Project("{FAE04EC0-301F-11D3-BF4B-00C04F79EFBC}") = "Bfw.PX.Biz.ServiceContracts", "PXShared\Bfw.PX.Biz\Bfw.PX.Biz.ServiceContracts\Bfw.PX.Biz.ServiceContracts.csproj", "{392A9467-B225-4300-BC1A-F34983AFBC3D}"
EndProject
Project("{FAE04EC0-301F-11D3-BF4B-00C04F79EFBC}") = "Bfw.PX.Notes", "PXShared\PX\Bfw.PX.Notes\Bfw.PX.Notes.csproj", "{BC9BEF83-63D6-4A27-9BD2-6787EF9A8F5B}"
EndProject
Project("{FAE04EC0-301F-11D3-BF4B-00C04F79EFBC}") = "PxWebUser", "PXShared\PX\PxWebUserAdmin\PxWebUser\PxWebUser.csproj", "{63B45011-8967-41AC-B6BB-0A2C42D01CB8}"
EndProject
Project("{FAE04EC0-301F-11D3-BF4B-00C04F79EFBC}") = "Bfw.PX.PXPub.Models", "PXShared\PX\Bfw.PX.PXPub.Models\Bfw.PX.PXPub.Models.csproj", "{5D71B360-BDD7-4E5B-B551-5BE74E4339EF}"
EndProject
Project("{FAE04EC0-301F-11D3-BF4B-00C04F79EFBC}") = "Macmillan.PXQBA.Business.QuestionParserModule", "Business\Macmillan.PXQBA.Business.QuestionParserModule\Macmillan.PXQBA.Business.QuestionParserModule.csproj", "{0F4B287E-C927-4AC5-BDD2-9FBAC3F36624}"
EndProject
Project("{FAE04EC0-301F-11D3-BF4B-00C04F79EFBC}") = "Macmillan.PXQBA.Business.QuestionParserModule.Tests", "Tests\Macmillan.PXQBA.Business.QuestionParserModule.Tests\Macmillan.PXQBA.Business.QuestionParserModule.Tests.csproj", "{05B302F3-4EC7-4FE9-AEF2-37679E1EC47D}"
EndProject
Project("{FAE04EC0-301F-11D3-BF4B-00C04F79EFBC}") = "Macmillan.PXQBA.Common.Models", "Common\Macmillan.PXQBA.Common.Models\Macmillan.PXQBA.Common.Models.csproj", "{79D1137E-0FFD-4CBD-8B2A-29546A856306}"
EndProject
Project("{FAE04EC0-301F-11D3-BF4B-00C04F79EFBC}") = "Macmillan.PXQBA.Business.Services.Tests", "Tests\Macmillan.PXQBA.Business.Services.Tests\Macmillan.PXQBA.Business.Services.Tests.csproj", "{38EAB49D-9618-4143-BFD2-5D4CD20BCFF6}"
EndProject
Project("{FAE04EC0-301F-11D3-BF4B-00C04F79EFBC}") = "Macmillan.PXQBA.Common.Helpers.Tests", "Tests\Macmillan.PXQBA.Common.Helpers.Tests\Macmillan.PXQBA.Common.Helpers.Tests.csproj", "{74354750-D2B9-4B4A-8553-97CA6EC6C5D6}"
EndProject
Project("{FAE04EC0-301F-11D3-BF4B-00C04F79EFBC}") = "Macmillan.PXQBA.Business.Commands.Tests", "Tests\Macmillan.PXQBA.Business.Commands.Tests\Macmillan.PXQBA.Business.Commands.Tests.csproj", "{9DF37EA3-EB8D-4C8E-A189-3F4D8DEB3405}"
EndProject
Global
	GlobalSection(SolutionConfigurationPlatforms) = preSolution
		Debug|Any CPU = Debug|Any CPU
		Debug|x64 = Debug|x64
		DEV_PROD_REFRESH|Any CPU = DEV_PROD_REFRESH|Any CPU
		DEV_PROD_REFRESH|x64 = DEV_PROD_REFRESH|x64
		DEV|Any CPU = DEV|Any CPU
		DEV|x64 = DEV|x64
		LoadTesting|Any CPU = LoadTesting|Any CPU
		LoadTesting|x64 = LoadTesting|x64
		PRISTINE|Any CPU = PRISTINE|Any CPU
		PRISTINE|x64 = PRISTINE|x64
		PROD|Any CPU = PROD|Any CPU
		PROD|x64 = PROD|x64
		QA|Any CPU = QA|Any CPU
		QA|x64 = QA|x64
		Release|Any CPU = Release|Any CPU
		Release|x64 = Release|x64
	EndGlobalSection
	GlobalSection(ProjectConfigurationPlatforms) = postSolution
		{19E52C79-1FE3-4385-A035-B603213C099E}.Debug|Any CPU.ActiveCfg = Debug|Any CPU
		{19E52C79-1FE3-4385-A035-B603213C099E}.Debug|Any CPU.Build.0 = Debug|Any CPU
		{19E52C79-1FE3-4385-A035-B603213C099E}.Debug|x64.ActiveCfg = Debug|x64
		{19E52C79-1FE3-4385-A035-B603213C099E}.Debug|x64.Build.0 = Debug|x64
		{19E52C79-1FE3-4385-A035-B603213C099E}.DEV_PROD_REFRESH|Any CPU.ActiveCfg = DEV_PROD_REFRESH|Any CPU
		{19E52C79-1FE3-4385-A035-B603213C099E}.DEV_PROD_REFRESH|Any CPU.Build.0 = DEV_PROD_REFRESH|Any CPU
		{19E52C79-1FE3-4385-A035-B603213C099E}.DEV_PROD_REFRESH|x64.ActiveCfg = DEV_PROD_REFRESH|x64
		{19E52C79-1FE3-4385-A035-B603213C099E}.DEV_PROD_REFRESH|x64.Build.0 = DEV_PROD_REFRESH|x64
		{19E52C79-1FE3-4385-A035-B603213C099E}.DEV|Any CPU.ActiveCfg = DEV|Any CPU
		{19E52C79-1FE3-4385-A035-B603213C099E}.DEV|Any CPU.Build.0 = DEV|Any CPU
		{19E52C79-1FE3-4385-A035-B603213C099E}.DEV|x64.ActiveCfg = DEV|x64
		{19E52C79-1FE3-4385-A035-B603213C099E}.DEV|x64.Build.0 = DEV|x64
		{19E52C79-1FE3-4385-A035-B603213C099E}.LoadTesting|Any CPU.ActiveCfg = LoadTesting|Any CPU
		{19E52C79-1FE3-4385-A035-B603213C099E}.LoadTesting|Any CPU.Build.0 = LoadTesting|Any CPU
		{19E52C79-1FE3-4385-A035-B603213C099E}.LoadTesting|x64.ActiveCfg = LoadTesting|x64
		{19E52C79-1FE3-4385-A035-B603213C099E}.LoadTesting|x64.Build.0 = LoadTesting|x64
		{19E52C79-1FE3-4385-A035-B603213C099E}.PRISTINE|Any CPU.ActiveCfg = PRISTINE|Any CPU
		{19E52C79-1FE3-4385-A035-B603213C099E}.PRISTINE|Any CPU.Build.0 = PRISTINE|Any CPU
		{19E52C79-1FE3-4385-A035-B603213C099E}.PRISTINE|x64.ActiveCfg = PRISTINE|x64
		{19E52C79-1FE3-4385-A035-B603213C099E}.PRISTINE|x64.Build.0 = PRISTINE|x64
		{19E52C79-1FE3-4385-A035-B603213C099E}.PROD|Any CPU.ActiveCfg = PROD|Any CPU
		{19E52C79-1FE3-4385-A035-B603213C099E}.PROD|Any CPU.Build.0 = PROD|Any CPU
		{19E52C79-1FE3-4385-A035-B603213C099E}.PROD|x64.ActiveCfg = PROD|x64
		{19E52C79-1FE3-4385-A035-B603213C099E}.PROD|x64.Build.0 = PROD|x64
		{19E52C79-1FE3-4385-A035-B603213C099E}.QA|Any CPU.ActiveCfg = QA|Any CPU
		{19E52C79-1FE3-4385-A035-B603213C099E}.QA|Any CPU.Build.0 = QA|Any CPU
		{19E52C79-1FE3-4385-A035-B603213C099E}.QA|x64.ActiveCfg = QA|x64
		{19E52C79-1FE3-4385-A035-B603213C099E}.QA|x64.Build.0 = QA|x64
		{19E52C79-1FE3-4385-A035-B603213C099E}.Release|Any CPU.ActiveCfg = Release|Any CPU
		{19E52C79-1FE3-4385-A035-B603213C099E}.Release|Any CPU.Build.0 = Release|Any CPU
		{19E52C79-1FE3-4385-A035-B603213C099E}.Release|x64.ActiveCfg = Release|x64
		{19E52C79-1FE3-4385-A035-B603213C099E}.Release|x64.Build.0 = Release|x64
		{4D185F8E-C2A0-442A-A05E-78B566361562}.Debug|Any CPU.ActiveCfg = Debug|Any CPU
		{4D185F8E-C2A0-442A-A05E-78B566361562}.Debug|Any CPU.Build.0 = Debug|Any CPU
		{4D185F8E-C2A0-442A-A05E-78B566361562}.Debug|x64.ActiveCfg = Debug|x64
		{4D185F8E-C2A0-442A-A05E-78B566361562}.Debug|x64.Build.0 = Debug|x64
		{4D185F8E-C2A0-442A-A05E-78B566361562}.DEV_PROD_REFRESH|Any CPU.ActiveCfg = DEV_PROD_REFRESH|Any CPU
		{4D185F8E-C2A0-442A-A05E-78B566361562}.DEV_PROD_REFRESH|Any CPU.Build.0 = DEV_PROD_REFRESH|Any CPU
		{4D185F8E-C2A0-442A-A05E-78B566361562}.DEV_PROD_REFRESH|x64.ActiveCfg = DEV_PROD_REFRESH|x64
		{4D185F8E-C2A0-442A-A05E-78B566361562}.DEV_PROD_REFRESH|x64.Build.0 = DEV_PROD_REFRESH|x64
		{4D185F8E-C2A0-442A-A05E-78B566361562}.DEV|Any CPU.ActiveCfg = DEV|Any CPU
		{4D185F8E-C2A0-442A-A05E-78B566361562}.DEV|Any CPU.Build.0 = DEV|Any CPU
		{4D185F8E-C2A0-442A-A05E-78B566361562}.DEV|x64.ActiveCfg = DEV|x64
		{4D185F8E-C2A0-442A-A05E-78B566361562}.DEV|x64.Build.0 = DEV|x64
		{4D185F8E-C2A0-442A-A05E-78B566361562}.LoadTesting|Any CPU.ActiveCfg = LoadTesting|Any CPU
		{4D185F8E-C2A0-442A-A05E-78B566361562}.LoadTesting|Any CPU.Build.0 = LoadTesting|Any CPU
		{4D185F8E-C2A0-442A-A05E-78B566361562}.LoadTesting|x64.ActiveCfg = LoadTesting|x64
		{4D185F8E-C2A0-442A-A05E-78B566361562}.LoadTesting|x64.Build.0 = LoadTesting|x64
		{4D185F8E-C2A0-442A-A05E-78B566361562}.PRISTINE|Any CPU.ActiveCfg = PRISTINE|Any CPU
		{4D185F8E-C2A0-442A-A05E-78B566361562}.PRISTINE|Any CPU.Build.0 = PRISTINE|Any CPU
		{4D185F8E-C2A0-442A-A05E-78B566361562}.PRISTINE|x64.ActiveCfg = PRISTINE|x64
		{4D185F8E-C2A0-442A-A05E-78B566361562}.PRISTINE|x64.Build.0 = PRISTINE|x64
		{4D185F8E-C2A0-442A-A05E-78B566361562}.PROD|Any CPU.ActiveCfg = PROD|Any CPU
		{4D185F8E-C2A0-442A-A05E-78B566361562}.PROD|Any CPU.Build.0 = PROD|Any CPU
		{4D185F8E-C2A0-442A-A05E-78B566361562}.PROD|x64.ActiveCfg = PROD|x64
		{4D185F8E-C2A0-442A-A05E-78B566361562}.PROD|x64.Build.0 = PROD|x64
		{4D185F8E-C2A0-442A-A05E-78B566361562}.QA|Any CPU.ActiveCfg = QA|Any CPU
		{4D185F8E-C2A0-442A-A05E-78B566361562}.QA|Any CPU.Build.0 = QA|Any CPU
		{4D185F8E-C2A0-442A-A05E-78B566361562}.QA|x64.ActiveCfg = QA|x64
		{4D185F8E-C2A0-442A-A05E-78B566361562}.QA|x64.Build.0 = QA|x64
		{4D185F8E-C2A0-442A-A05E-78B566361562}.Release|Any CPU.ActiveCfg = Release|Any CPU
		{4D185F8E-C2A0-442A-A05E-78B566361562}.Release|Any CPU.Build.0 = Release|Any CPU
		{4D185F8E-C2A0-442A-A05E-78B566361562}.Release|x64.ActiveCfg = Release|x64
		{4D185F8E-C2A0-442A-A05E-78B566361562}.Release|x64.Build.0 = Release|x64
		{F5A60C36-AA1F-4849-A9E7-465F7963DF9F}.Debug|Any CPU.ActiveCfg = Debug|Any CPU
		{F5A60C36-AA1F-4849-A9E7-465F7963DF9F}.Debug|Any CPU.Build.0 = Debug|Any CPU
		{F5A60C36-AA1F-4849-A9E7-465F7963DF9F}.Debug|x64.ActiveCfg = Debug|x64
		{F5A60C36-AA1F-4849-A9E7-465F7963DF9F}.Debug|x64.Build.0 = Debug|x64
		{F5A60C36-AA1F-4849-A9E7-465F7963DF9F}.DEV_PROD_REFRESH|Any CPU.ActiveCfg = DEV_PROD_REFRESH|Any CPU
		{F5A60C36-AA1F-4849-A9E7-465F7963DF9F}.DEV_PROD_REFRESH|Any CPU.Build.0 = DEV_PROD_REFRESH|Any CPU
		{F5A60C36-AA1F-4849-A9E7-465F7963DF9F}.DEV_PROD_REFRESH|x64.ActiveCfg = DEV_PROD_REFRESH|x64
		{F5A60C36-AA1F-4849-A9E7-465F7963DF9F}.DEV_PROD_REFRESH|x64.Build.0 = DEV_PROD_REFRESH|x64
		{F5A60C36-AA1F-4849-A9E7-465F7963DF9F}.DEV|Any CPU.ActiveCfg = DEV|Any CPU
		{F5A60C36-AA1F-4849-A9E7-465F7963DF9F}.DEV|Any CPU.Build.0 = DEV|Any CPU
		{F5A60C36-AA1F-4849-A9E7-465F7963DF9F}.DEV|x64.ActiveCfg = DEV|x64
		{F5A60C36-AA1F-4849-A9E7-465F7963DF9F}.DEV|x64.Build.0 = DEV|x64
		{F5A60C36-AA1F-4849-A9E7-465F7963DF9F}.LoadTesting|Any CPU.ActiveCfg = LoadTesting|Any CPU
		{F5A60C36-AA1F-4849-A9E7-465F7963DF9F}.LoadTesting|Any CPU.Build.0 = LoadTesting|Any CPU
		{F5A60C36-AA1F-4849-A9E7-465F7963DF9F}.LoadTesting|x64.ActiveCfg = LoadTesting|x64
		{F5A60C36-AA1F-4849-A9E7-465F7963DF9F}.LoadTesting|x64.Build.0 = LoadTesting|x64
		{F5A60C36-AA1F-4849-A9E7-465F7963DF9F}.PRISTINE|Any CPU.ActiveCfg = PRISTINE|Any CPU
		{F5A60C36-AA1F-4849-A9E7-465F7963DF9F}.PRISTINE|Any CPU.Build.0 = PRISTINE|Any CPU
		{F5A60C36-AA1F-4849-A9E7-465F7963DF9F}.PRISTINE|x64.ActiveCfg = PRISTINE|x64
		{F5A60C36-AA1F-4849-A9E7-465F7963DF9F}.PRISTINE|x64.Build.0 = PRISTINE|x64
		{F5A60C36-AA1F-4849-A9E7-465F7963DF9F}.PROD|Any CPU.ActiveCfg = PROD|Any CPU
		{F5A60C36-AA1F-4849-A9E7-465F7963DF9F}.PROD|Any CPU.Build.0 = PROD|Any CPU
		{F5A60C36-AA1F-4849-A9E7-465F7963DF9F}.PROD|x64.ActiveCfg = PROD|x64
		{F5A60C36-AA1F-4849-A9E7-465F7963DF9F}.PROD|x64.Build.0 = PROD|x64
		{F5A60C36-AA1F-4849-A9E7-465F7963DF9F}.QA|Any CPU.ActiveCfg = QA|Any CPU
		{F5A60C36-AA1F-4849-A9E7-465F7963DF9F}.QA|Any CPU.Build.0 = QA|Any CPU
		{F5A60C36-AA1F-4849-A9E7-465F7963DF9F}.QA|x64.ActiveCfg = QA|x64
		{F5A60C36-AA1F-4849-A9E7-465F7963DF9F}.QA|x64.Build.0 = QA|x64
		{F5A60C36-AA1F-4849-A9E7-465F7963DF9F}.Release|Any CPU.ActiveCfg = Release|Any CPU
		{F5A60C36-AA1F-4849-A9E7-465F7963DF9F}.Release|Any CPU.Build.0 = Release|Any CPU
		{F5A60C36-AA1F-4849-A9E7-465F7963DF9F}.Release|x64.ActiveCfg = Release|x64
		{F5A60C36-AA1F-4849-A9E7-465F7963DF9F}.Release|x64.Build.0 = Release|x64
		{BFFD6B7A-4EA1-431A-916A-8214BD16E049}.Debug|Any CPU.ActiveCfg = Debug|Any CPU
		{BFFD6B7A-4EA1-431A-916A-8214BD16E049}.Debug|Any CPU.Build.0 = Debug|Any CPU
		{BFFD6B7A-4EA1-431A-916A-8214BD16E049}.Debug|x64.ActiveCfg = Debug|x64
		{BFFD6B7A-4EA1-431A-916A-8214BD16E049}.Debug|x64.Build.0 = Debug|x64
		{BFFD6B7A-4EA1-431A-916A-8214BD16E049}.DEV_PROD_REFRESH|Any CPU.ActiveCfg = DEV_PROD_REFRESH|Any CPU
		{BFFD6B7A-4EA1-431A-916A-8214BD16E049}.DEV_PROD_REFRESH|Any CPU.Build.0 = DEV_PROD_REFRESH|Any CPU
		{BFFD6B7A-4EA1-431A-916A-8214BD16E049}.DEV_PROD_REFRESH|x64.ActiveCfg = DEV_PROD_REFRESH|x64
		{BFFD6B7A-4EA1-431A-916A-8214BD16E049}.DEV_PROD_REFRESH|x64.Build.0 = DEV_PROD_REFRESH|x64
		{BFFD6B7A-4EA1-431A-916A-8214BD16E049}.DEV|Any CPU.ActiveCfg = DEV|Any CPU
		{BFFD6B7A-4EA1-431A-916A-8214BD16E049}.DEV|Any CPU.Build.0 = DEV|Any CPU
		{BFFD6B7A-4EA1-431A-916A-8214BD16E049}.DEV|x64.ActiveCfg = DEV|x64
		{BFFD6B7A-4EA1-431A-916A-8214BD16E049}.DEV|x64.Build.0 = DEV|x64
		{BFFD6B7A-4EA1-431A-916A-8214BD16E049}.LoadTesting|Any CPU.ActiveCfg = LoadTesting|Any CPU
		{BFFD6B7A-4EA1-431A-916A-8214BD16E049}.LoadTesting|Any CPU.Build.0 = LoadTesting|Any CPU
		{BFFD6B7A-4EA1-431A-916A-8214BD16E049}.LoadTesting|x64.ActiveCfg = LoadTesting|x64
		{BFFD6B7A-4EA1-431A-916A-8214BD16E049}.LoadTesting|x64.Build.0 = LoadTesting|x64
		{BFFD6B7A-4EA1-431A-916A-8214BD16E049}.PRISTINE|Any CPU.ActiveCfg = PRISTINE|Any CPU
		{BFFD6B7A-4EA1-431A-916A-8214BD16E049}.PRISTINE|Any CPU.Build.0 = PRISTINE|Any CPU
		{BFFD6B7A-4EA1-431A-916A-8214BD16E049}.PRISTINE|x64.ActiveCfg = PRISTINE|x64
		{BFFD6B7A-4EA1-431A-916A-8214BD16E049}.PRISTINE|x64.Build.0 = PRISTINE|x64
		{BFFD6B7A-4EA1-431A-916A-8214BD16E049}.PROD|Any CPU.ActiveCfg = PROD|Any CPU
		{BFFD6B7A-4EA1-431A-916A-8214BD16E049}.PROD|Any CPU.Build.0 = PROD|Any CPU
		{BFFD6B7A-4EA1-431A-916A-8214BD16E049}.PROD|x64.ActiveCfg = PROD|x64
		{BFFD6B7A-4EA1-431A-916A-8214BD16E049}.PROD|x64.Build.0 = PROD|x64
		{BFFD6B7A-4EA1-431A-916A-8214BD16E049}.QA|Any CPU.ActiveCfg = QA|Any CPU
		{BFFD6B7A-4EA1-431A-916A-8214BD16E049}.QA|Any CPU.Build.0 = QA|Any CPU
		{BFFD6B7A-4EA1-431A-916A-8214BD16E049}.QA|x64.ActiveCfg = QA|x64
		{BFFD6B7A-4EA1-431A-916A-8214BD16E049}.QA|x64.Build.0 = QA|x64
		{BFFD6B7A-4EA1-431A-916A-8214BD16E049}.Release|Any CPU.ActiveCfg = Release|Any CPU
		{BFFD6B7A-4EA1-431A-916A-8214BD16E049}.Release|Any CPU.Build.0 = Release|Any CPU
		{BFFD6B7A-4EA1-431A-916A-8214BD16E049}.Release|x64.ActiveCfg = Release|x64
		{BFFD6B7A-4EA1-431A-916A-8214BD16E049}.Release|x64.Build.0 = Release|x64
		{4F1BF9DB-1226-4867-9E41-129B214F24F2}.Debug|Any CPU.ActiveCfg = Debug|Any CPU
		{4F1BF9DB-1226-4867-9E41-129B214F24F2}.Debug|Any CPU.Build.0 = Debug|Any CPU
		{4F1BF9DB-1226-4867-9E41-129B214F24F2}.Debug|x64.ActiveCfg = Debug|x64
		{4F1BF9DB-1226-4867-9E41-129B214F24F2}.Debug|x64.Build.0 = Debug|x64
		{4F1BF9DB-1226-4867-9E41-129B214F24F2}.DEV_PROD_REFRESH|Any CPU.ActiveCfg = DEV_PROD_REFRESH|Any CPU
		{4F1BF9DB-1226-4867-9E41-129B214F24F2}.DEV_PROD_REFRESH|Any CPU.Build.0 = DEV_PROD_REFRESH|Any CPU
		{4F1BF9DB-1226-4867-9E41-129B214F24F2}.DEV_PROD_REFRESH|x64.ActiveCfg = DEV_PROD_REFRESH|x64
		{4F1BF9DB-1226-4867-9E41-129B214F24F2}.DEV_PROD_REFRESH|x64.Build.0 = DEV_PROD_REFRESH|x64
		{4F1BF9DB-1226-4867-9E41-129B214F24F2}.DEV|Any CPU.ActiveCfg = DEV|Any CPU
		{4F1BF9DB-1226-4867-9E41-129B214F24F2}.DEV|Any CPU.Build.0 = DEV|Any CPU
		{4F1BF9DB-1226-4867-9E41-129B214F24F2}.DEV|x64.ActiveCfg = DEV|x64
		{4F1BF9DB-1226-4867-9E41-129B214F24F2}.DEV|x64.Build.0 = DEV|x64
		{4F1BF9DB-1226-4867-9E41-129B214F24F2}.LoadTesting|Any CPU.ActiveCfg = LoadTesting|Any CPU
		{4F1BF9DB-1226-4867-9E41-129B214F24F2}.LoadTesting|Any CPU.Build.0 = LoadTesting|Any CPU
		{4F1BF9DB-1226-4867-9E41-129B214F24F2}.LoadTesting|x64.ActiveCfg = LoadTesting|x64
		{4F1BF9DB-1226-4867-9E41-129B214F24F2}.LoadTesting|x64.Build.0 = LoadTesting|x64
		{4F1BF9DB-1226-4867-9E41-129B214F24F2}.PRISTINE|Any CPU.ActiveCfg = PRISTINE|Any CPU
		{4F1BF9DB-1226-4867-9E41-129B214F24F2}.PRISTINE|Any CPU.Build.0 = PRISTINE|Any CPU
		{4F1BF9DB-1226-4867-9E41-129B214F24F2}.PRISTINE|x64.ActiveCfg = PRISTINE|x64
		{4F1BF9DB-1226-4867-9E41-129B214F24F2}.PRISTINE|x64.Build.0 = PRISTINE|x64
		{4F1BF9DB-1226-4867-9E41-129B214F24F2}.PROD|Any CPU.ActiveCfg = PROD|Any CPU
		{4F1BF9DB-1226-4867-9E41-129B214F24F2}.PROD|Any CPU.Build.0 = PROD|Any CPU
		{4F1BF9DB-1226-4867-9E41-129B214F24F2}.PROD|x64.ActiveCfg = PROD|x64
		{4F1BF9DB-1226-4867-9E41-129B214F24F2}.PROD|x64.Build.0 = PROD|x64
		{4F1BF9DB-1226-4867-9E41-129B214F24F2}.QA|Any CPU.ActiveCfg = QA|Any CPU
		{4F1BF9DB-1226-4867-9E41-129B214F24F2}.QA|Any CPU.Build.0 = QA|Any CPU
		{4F1BF9DB-1226-4867-9E41-129B214F24F2}.QA|x64.ActiveCfg = QA|x64
		{4F1BF9DB-1226-4867-9E41-129B214F24F2}.QA|x64.Build.0 = QA|x64
		{4F1BF9DB-1226-4867-9E41-129B214F24F2}.Release|Any CPU.ActiveCfg = Release|Any CPU
		{4F1BF9DB-1226-4867-9E41-129B214F24F2}.Release|Any CPU.Build.0 = Release|Any CPU
		{4F1BF9DB-1226-4867-9E41-129B214F24F2}.Release|x64.ActiveCfg = Release|x64
		{4F1BF9DB-1226-4867-9E41-129B214F24F2}.Release|x64.Build.0 = Release|x64
		{36DBAE21-2A80-4C92-B72D-50843A18FCED}.Debug|Any CPU.ActiveCfg = Debug|Any CPU
		{36DBAE21-2A80-4C92-B72D-50843A18FCED}.Debug|Any CPU.Build.0 = Debug|Any CPU
		{36DBAE21-2A80-4C92-B72D-50843A18FCED}.Debug|x64.ActiveCfg = Debug|Any CPU
		{36DBAE21-2A80-4C92-B72D-50843A18FCED}.DEV_PROD_REFRESH|Any CPU.ActiveCfg = DEV_PROD_REFRESH|Any CPU
		{36DBAE21-2A80-4C92-B72D-50843A18FCED}.DEV_PROD_REFRESH|Any CPU.Build.0 = DEV_PROD_REFRESH|Any CPU
		{36DBAE21-2A80-4C92-B72D-50843A18FCED}.DEV_PROD_REFRESH|x64.ActiveCfg = DEV_PROD_REFRESH|Any CPU
		{36DBAE21-2A80-4C92-B72D-50843A18FCED}.DEV|Any CPU.ActiveCfg = DEV|Any CPU
		{36DBAE21-2A80-4C92-B72D-50843A18FCED}.DEV|Any CPU.Build.0 = DEV|Any CPU
		{36DBAE21-2A80-4C92-B72D-50843A18FCED}.DEV|x64.ActiveCfg = DEV|Any CPU
		{36DBAE21-2A80-4C92-B72D-50843A18FCED}.LoadTesting|Any CPU.ActiveCfg = LoadTesting|Any CPU
		{36DBAE21-2A80-4C92-B72D-50843A18FCED}.LoadTesting|Any CPU.Build.0 = LoadTesting|Any CPU
		{36DBAE21-2A80-4C92-B72D-50843A18FCED}.LoadTesting|x64.ActiveCfg = LoadTesting|Any CPU
		{36DBAE21-2A80-4C92-B72D-50843A18FCED}.PRISTINE|Any CPU.ActiveCfg = PRISTINE|Any CPU
		{36DBAE21-2A80-4C92-B72D-50843A18FCED}.PRISTINE|Any CPU.Build.0 = PRISTINE|Any CPU
		{36DBAE21-2A80-4C92-B72D-50843A18FCED}.PRISTINE|x64.ActiveCfg = PRISTINE|Any CPU
		{36DBAE21-2A80-4C92-B72D-50843A18FCED}.PROD|Any CPU.ActiveCfg = PROD|Any CPU
		{36DBAE21-2A80-4C92-B72D-50843A18FCED}.PROD|Any CPU.Build.0 = PROD|Any CPU
		{36DBAE21-2A80-4C92-B72D-50843A18FCED}.PROD|x64.ActiveCfg = PROD|Any CPU
		{36DBAE21-2A80-4C92-B72D-50843A18FCED}.QA|Any CPU.ActiveCfg = QA|Any CPU
		{36DBAE21-2A80-4C92-B72D-50843A18FCED}.QA|Any CPU.Build.0 = QA|Any CPU
		{36DBAE21-2A80-4C92-B72D-50843A18FCED}.QA|x64.ActiveCfg = QA|Any CPU
		{36DBAE21-2A80-4C92-B72D-50843A18FCED}.Release|Any CPU.ActiveCfg = Release|Any CPU
		{36DBAE21-2A80-4C92-B72D-50843A18FCED}.Release|Any CPU.Build.0 = Release|Any CPU
		{36DBAE21-2A80-4C92-B72D-50843A18FCED}.Release|x64.ActiveCfg = Release|Any CPU
		{E1052EA2-8A39-4650-B22F-728393781E13}.Debug|Any CPU.ActiveCfg = Debug|Any CPU
		{E1052EA2-8A39-4650-B22F-728393781E13}.Debug|Any CPU.Build.0 = Debug|Any CPU
		{E1052EA2-8A39-4650-B22F-728393781E13}.Debug|x64.ActiveCfg = Debug|x64
		{E1052EA2-8A39-4650-B22F-728393781E13}.Debug|x64.Build.0 = Debug|x64
		{E1052EA2-8A39-4650-B22F-728393781E13}.DEV_PROD_REFRESH|Any CPU.ActiveCfg = DEV_PROD_REFRESH|Any CPU
		{E1052EA2-8A39-4650-B22F-728393781E13}.DEV_PROD_REFRESH|Any CPU.Build.0 = DEV_PROD_REFRESH|Any CPU
		{E1052EA2-8A39-4650-B22F-728393781E13}.DEV_PROD_REFRESH|x64.ActiveCfg = DEV_PROD_REFRESH|x64
		{E1052EA2-8A39-4650-B22F-728393781E13}.DEV_PROD_REFRESH|x64.Build.0 = DEV_PROD_REFRESH|x64
		{E1052EA2-8A39-4650-B22F-728393781E13}.DEV|Any CPU.ActiveCfg = DEV|Any CPU
		{E1052EA2-8A39-4650-B22F-728393781E13}.DEV|Any CPU.Build.0 = DEV|Any CPU
		{E1052EA2-8A39-4650-B22F-728393781E13}.DEV|x64.ActiveCfg = DEV|x64
		{E1052EA2-8A39-4650-B22F-728393781E13}.DEV|x64.Build.0 = DEV|x64
		{E1052EA2-8A39-4650-B22F-728393781E13}.LoadTesting|Any CPU.ActiveCfg = LoadTesting|Any CPU
		{E1052EA2-8A39-4650-B22F-728393781E13}.LoadTesting|Any CPU.Build.0 = LoadTesting|Any CPU
		{E1052EA2-8A39-4650-B22F-728393781E13}.LoadTesting|x64.ActiveCfg = LoadTesting|x64
		{E1052EA2-8A39-4650-B22F-728393781E13}.LoadTesting|x64.Build.0 = LoadTesting|x64
		{E1052EA2-8A39-4650-B22F-728393781E13}.PRISTINE|Any CPU.ActiveCfg = PRISTINE|Any CPU
		{E1052EA2-8A39-4650-B22F-728393781E13}.PRISTINE|Any CPU.Build.0 = PRISTINE|Any CPU
		{E1052EA2-8A39-4650-B22F-728393781E13}.PRISTINE|x64.ActiveCfg = PRISTINE|x64
		{E1052EA2-8A39-4650-B22F-728393781E13}.PRISTINE|x64.Build.0 = PRISTINE|x64
		{E1052EA2-8A39-4650-B22F-728393781E13}.PROD|Any CPU.ActiveCfg = PROD|Any CPU
		{E1052EA2-8A39-4650-B22F-728393781E13}.PROD|Any CPU.Build.0 = PROD|Any CPU
		{E1052EA2-8A39-4650-B22F-728393781E13}.PROD|x64.ActiveCfg = PROD|x64
		{E1052EA2-8A39-4650-B22F-728393781E13}.PROD|x64.Build.0 = PROD|x64
		{E1052EA2-8A39-4650-B22F-728393781E13}.QA|Any CPU.ActiveCfg = QA|Any CPU
		{E1052EA2-8A39-4650-B22F-728393781E13}.QA|Any CPU.Build.0 = QA|Any CPU
		{E1052EA2-8A39-4650-B22F-728393781E13}.QA|x64.ActiveCfg = QA|x64
		{E1052EA2-8A39-4650-B22F-728393781E13}.QA|x64.Build.0 = QA|x64
		{E1052EA2-8A39-4650-B22F-728393781E13}.Release|Any CPU.ActiveCfg = Release|Any CPU
		{E1052EA2-8A39-4650-B22F-728393781E13}.Release|Any CPU.Build.0 = Release|Any CPU
		{E1052EA2-8A39-4650-B22F-728393781E13}.Release|x64.ActiveCfg = Release|x64
		{E1052EA2-8A39-4650-B22F-728393781E13}.Release|x64.Build.0 = Release|x64
		{CF2B92A9-6E1D-4472-AD9C-AED6DC86A62C}.Debug|Any CPU.ActiveCfg = Debug|Any CPU
		{CF2B92A9-6E1D-4472-AD9C-AED6DC86A62C}.Debug|Any CPU.Build.0 = Debug|Any CPU
		{CF2B92A9-6E1D-4472-AD9C-AED6DC86A62C}.Debug|x64.ActiveCfg = Debug|Any CPU
		{CF2B92A9-6E1D-4472-AD9C-AED6DC86A62C}.DEV_PROD_REFRESH|Any CPU.ActiveCfg = Debug|Any CPU
		{CF2B92A9-6E1D-4472-AD9C-AED6DC86A62C}.DEV_PROD_REFRESH|Any CPU.Build.0 = Debug|Any CPU
		{CF2B92A9-6E1D-4472-AD9C-AED6DC86A62C}.DEV_PROD_REFRESH|x64.ActiveCfg = Debug|Any CPU
		{CF2B92A9-6E1D-4472-AD9C-AED6DC86A62C}.DEV|Any CPU.ActiveCfg = DEV|Any CPU
		{CF2B92A9-6E1D-4472-AD9C-AED6DC86A62C}.DEV|Any CPU.Build.0 = DEV|Any CPU
		{CF2B92A9-6E1D-4472-AD9C-AED6DC86A62C}.DEV|x64.ActiveCfg = DEV|Any CPU
		{CF2B92A9-6E1D-4472-AD9C-AED6DC86A62C}.LoadTesting|Any CPU.ActiveCfg = Release|Any CPU
		{CF2B92A9-6E1D-4472-AD9C-AED6DC86A62C}.LoadTesting|Any CPU.Build.0 = Release|Any CPU
		{CF2B92A9-6E1D-4472-AD9C-AED6DC86A62C}.LoadTesting|x64.ActiveCfg = Release|Any CPU
		{CF2B92A9-6E1D-4472-AD9C-AED6DC86A62C}.PRISTINE|Any CPU.ActiveCfg = Release|Any CPU
		{CF2B92A9-6E1D-4472-AD9C-AED6DC86A62C}.PRISTINE|Any CPU.Build.0 = Release|Any CPU
		{CF2B92A9-6E1D-4472-AD9C-AED6DC86A62C}.PRISTINE|x64.ActiveCfg = Release|Any CPU
		{CF2B92A9-6E1D-4472-AD9C-AED6DC86A62C}.PROD|Any CPU.ActiveCfg = Release|Any CPU
		{CF2B92A9-6E1D-4472-AD9C-AED6DC86A62C}.PROD|Any CPU.Build.0 = Release|Any CPU
		{CF2B92A9-6E1D-4472-AD9C-AED6DC86A62C}.PROD|x64.ActiveCfg = Release|Any CPU
		{CF2B92A9-6E1D-4472-AD9C-AED6DC86A62C}.QA|Any CPU.ActiveCfg = QA|Any CPU
		{CF2B92A9-6E1D-4472-AD9C-AED6DC86A62C}.QA|Any CPU.Build.0 = QA|Any CPU
		{CF2B92A9-6E1D-4472-AD9C-AED6DC86A62C}.QA|x64.ActiveCfg = QA|Any CPU
		{CF2B92A9-6E1D-4472-AD9C-AED6DC86A62C}.Release|Any CPU.ActiveCfg = Release|Any CPU
		{CF2B92A9-6E1D-4472-AD9C-AED6DC86A62C}.Release|Any CPU.Build.0 = Release|Any CPU
		{CF2B92A9-6E1D-4472-AD9C-AED6DC86A62C}.Release|x64.ActiveCfg = Release|Any CPU
		{C7070F01-3D37-425D-ABD5-E02D7CFAEA43}.Debug|Any CPU.ActiveCfg = Debug|Any CPU
		{C7070F01-3D37-425D-ABD5-E02D7CFAEA43}.Debug|Any CPU.Build.0 = Debug|Any CPU
		{C7070F01-3D37-425D-ABD5-E02D7CFAEA43}.Debug|x64.ActiveCfg = Debug|Any CPU
		{C7070F01-3D37-425D-ABD5-E02D7CFAEA43}.DEV_PROD_REFRESH|Any CPU.ActiveCfg = Debug|Any CPU
		{C7070F01-3D37-425D-ABD5-E02D7CFAEA43}.DEV_PROD_REFRESH|Any CPU.Build.0 = Debug|Any CPU
		{C7070F01-3D37-425D-ABD5-E02D7CFAEA43}.DEV_PROD_REFRESH|x64.ActiveCfg = Debug|Any CPU
		{C7070F01-3D37-425D-ABD5-E02D7CFAEA43}.DEV|Any CPU.ActiveCfg = DEV|Any CPU
		{C7070F01-3D37-425D-ABD5-E02D7CFAEA43}.DEV|Any CPU.Build.0 = DEV|Any CPU
		{C7070F01-3D37-425D-ABD5-E02D7CFAEA43}.DEV|x64.ActiveCfg = DEV|Any CPU
		{C7070F01-3D37-425D-ABD5-E02D7CFAEA43}.LoadTesting|Any CPU.ActiveCfg = Release|Any CPU
		{C7070F01-3D37-425D-ABD5-E02D7CFAEA43}.LoadTesting|Any CPU.Build.0 = Release|Any CPU
		{C7070F01-3D37-425D-ABD5-E02D7CFAEA43}.LoadTesting|x64.ActiveCfg = Release|Any CPU
		{C7070F01-3D37-425D-ABD5-E02D7CFAEA43}.PRISTINE|Any CPU.ActiveCfg = Release|Any CPU
		{C7070F01-3D37-425D-ABD5-E02D7CFAEA43}.PRISTINE|Any CPU.Build.0 = Release|Any CPU
		{C7070F01-3D37-425D-ABD5-E02D7CFAEA43}.PRISTINE|x64.ActiveCfg = Release|Any CPU
		{C7070F01-3D37-425D-ABD5-E02D7CFAEA43}.PROD|Any CPU.ActiveCfg = Release|Any CPU
		{C7070F01-3D37-425D-ABD5-E02D7CFAEA43}.PROD|Any CPU.Build.0 = Release|Any CPU
		{C7070F01-3D37-425D-ABD5-E02D7CFAEA43}.PROD|x64.ActiveCfg = Release|Any CPU
		{C7070F01-3D37-425D-ABD5-E02D7CFAEA43}.QA|Any CPU.ActiveCfg = QA|Any CPU
		{C7070F01-3D37-425D-ABD5-E02D7CFAEA43}.QA|Any CPU.Build.0 = QA|Any CPU
		{C7070F01-3D37-425D-ABD5-E02D7CFAEA43}.QA|x64.ActiveCfg = QA|Any CPU
		{C7070F01-3D37-425D-ABD5-E02D7CFAEA43}.Release|Any CPU.ActiveCfg = Release|Any CPU
		{C7070F01-3D37-425D-ABD5-E02D7CFAEA43}.Release|Any CPU.Build.0 = Release|Any CPU
		{C7070F01-3D37-425D-ABD5-E02D7CFAEA43}.Release|x64.ActiveCfg = Release|Any CPU
		{AD00B777-4D80-4D59-AFA0-BD3088938BFF}.Debug|Any CPU.ActiveCfg = Debug|Any CPU
		{AD00B777-4D80-4D59-AFA0-BD3088938BFF}.Debug|Any CPU.Build.0 = Debug|Any CPU
		{AD00B777-4D80-4D59-AFA0-BD3088938BFF}.Debug|x64.ActiveCfg = Debug|x64
		{AD00B777-4D80-4D59-AFA0-BD3088938BFF}.Debug|x64.Build.0 = Debug|x64
		{AD00B777-4D80-4D59-AFA0-BD3088938BFF}.DEV_PROD_REFRESH|Any CPU.ActiveCfg = DEV_PROD_REFRESH|Any CPU
		{AD00B777-4D80-4D59-AFA0-BD3088938BFF}.DEV_PROD_REFRESH|Any CPU.Build.0 = DEV_PROD_REFRESH|Any CPU
		{AD00B777-4D80-4D59-AFA0-BD3088938BFF}.DEV_PROD_REFRESH|x64.ActiveCfg = DEV_PROD_REFRESH|x64
		{AD00B777-4D80-4D59-AFA0-BD3088938BFF}.DEV_PROD_REFRESH|x64.Build.0 = DEV_PROD_REFRESH|x64
		{AD00B777-4D80-4D59-AFA0-BD3088938BFF}.DEV|Any CPU.ActiveCfg = DEV|Any CPU
		{AD00B777-4D80-4D59-AFA0-BD3088938BFF}.DEV|Any CPU.Build.0 = DEV|Any CPU
		{AD00B777-4D80-4D59-AFA0-BD3088938BFF}.DEV|x64.ActiveCfg = DEV|x64
		{AD00B777-4D80-4D59-AFA0-BD3088938BFF}.DEV|x64.Build.0 = DEV|x64
		{AD00B777-4D80-4D59-AFA0-BD3088938BFF}.LoadTesting|Any CPU.ActiveCfg = LoadTesting|Any CPU
		{AD00B777-4D80-4D59-AFA0-BD3088938BFF}.LoadTesting|Any CPU.Build.0 = LoadTesting|Any CPU
		{AD00B777-4D80-4D59-AFA0-BD3088938BFF}.LoadTesting|x64.ActiveCfg = LoadTesting|x64
		{AD00B777-4D80-4D59-AFA0-BD3088938BFF}.LoadTesting|x64.Build.0 = LoadTesting|x64
		{AD00B777-4D80-4D59-AFA0-BD3088938BFF}.PRISTINE|Any CPU.ActiveCfg = PRISTINE|Any CPU
		{AD00B777-4D80-4D59-AFA0-BD3088938BFF}.PRISTINE|Any CPU.Build.0 = PRISTINE|Any CPU
		{AD00B777-4D80-4D59-AFA0-BD3088938BFF}.PRISTINE|x64.ActiveCfg = PRISTINE|x64
		{AD00B777-4D80-4D59-AFA0-BD3088938BFF}.PRISTINE|x64.Build.0 = PRISTINE|x64
		{AD00B777-4D80-4D59-AFA0-BD3088938BFF}.PROD|Any CPU.ActiveCfg = PROD|Any CPU
		{AD00B777-4D80-4D59-AFA0-BD3088938BFF}.PROD|Any CPU.Build.0 = PROD|Any CPU
		{AD00B777-4D80-4D59-AFA0-BD3088938BFF}.PROD|x64.ActiveCfg = PROD|x64
		{AD00B777-4D80-4D59-AFA0-BD3088938BFF}.PROD|x64.Build.0 = PROD|x64
		{AD00B777-4D80-4D59-AFA0-BD3088938BFF}.QA|Any CPU.ActiveCfg = QA|Any CPU
		{AD00B777-4D80-4D59-AFA0-BD3088938BFF}.QA|Any CPU.Build.0 = QA|Any CPU
		{AD00B777-4D80-4D59-AFA0-BD3088938BFF}.QA|x64.ActiveCfg = QA|x64
		{AD00B777-4D80-4D59-AFA0-BD3088938BFF}.QA|x64.Build.0 = QA|x64
		{AD00B777-4D80-4D59-AFA0-BD3088938BFF}.Release|Any CPU.ActiveCfg = Release|Any CPU
		{AD00B777-4D80-4D59-AFA0-BD3088938BFF}.Release|Any CPU.Build.0 = Release|Any CPU
		{AD00B777-4D80-4D59-AFA0-BD3088938BFF}.Release|x64.ActiveCfg = Release|x64
		{AD00B777-4D80-4D59-AFA0-BD3088938BFF}.Release|x64.Build.0 = Release|x64
		{45A498CC-0FDF-4B3B-833B-FD0B008AA8D9}.Debug|Any CPU.ActiveCfg = Debug|Any CPU
		{45A498CC-0FDF-4B3B-833B-FD0B008AA8D9}.Debug|Any CPU.Build.0 = Debug|Any CPU
		{45A498CC-0FDF-4B3B-833B-FD0B008AA8D9}.Debug|x64.ActiveCfg = Debug|Any CPU
		{45A498CC-0FDF-4B3B-833B-FD0B008AA8D9}.DEV_PROD_REFRESH|Any CPU.ActiveCfg = Debug|Any CPU
		{45A498CC-0FDF-4B3B-833B-FD0B008AA8D9}.DEV_PROD_REFRESH|Any CPU.Build.0 = Debug|Any CPU
		{45A498CC-0FDF-4B3B-833B-FD0B008AA8D9}.DEV_PROD_REFRESH|x64.ActiveCfg = Debug|Any CPU
		{45A498CC-0FDF-4B3B-833B-FD0B008AA8D9}.DEV|Any CPU.ActiveCfg = DEV|Any CPU
		{45A498CC-0FDF-4B3B-833B-FD0B008AA8D9}.DEV|Any CPU.Build.0 = DEV|Any CPU
		{45A498CC-0FDF-4B3B-833B-FD0B008AA8D9}.DEV|x64.ActiveCfg = DEV|Any CPU
		{45A498CC-0FDF-4B3B-833B-FD0B008AA8D9}.LoadTesting|Any CPU.ActiveCfg = Release|Any CPU
		{45A498CC-0FDF-4B3B-833B-FD0B008AA8D9}.LoadTesting|Any CPU.Build.0 = Release|Any CPU
		{45A498CC-0FDF-4B3B-833B-FD0B008AA8D9}.LoadTesting|x64.ActiveCfg = Release|Any CPU
		{45A498CC-0FDF-4B3B-833B-FD0B008AA8D9}.PRISTINE|Any CPU.ActiveCfg = Release|Any CPU
		{45A498CC-0FDF-4B3B-833B-FD0B008AA8D9}.PRISTINE|Any CPU.Build.0 = Release|Any CPU
		{45A498CC-0FDF-4B3B-833B-FD0B008AA8D9}.PRISTINE|x64.ActiveCfg = Release|Any CPU
		{45A498CC-0FDF-4B3B-833B-FD0B008AA8D9}.PROD|Any CPU.ActiveCfg = Release|Any CPU
		{45A498CC-0FDF-4B3B-833B-FD0B008AA8D9}.PROD|Any CPU.Build.0 = Release|Any CPU
		{45A498CC-0FDF-4B3B-833B-FD0B008AA8D9}.PROD|x64.ActiveCfg = Release|Any CPU
		{45A498CC-0FDF-4B3B-833B-FD0B008AA8D9}.QA|Any CPU.ActiveCfg = QA|Any CPU
		{45A498CC-0FDF-4B3B-833B-FD0B008AA8D9}.QA|Any CPU.Build.0 = QA|Any CPU
		{45A498CC-0FDF-4B3B-833B-FD0B008AA8D9}.QA|x64.ActiveCfg = QA|Any CPU
		{45A498CC-0FDF-4B3B-833B-FD0B008AA8D9}.Release|Any CPU.ActiveCfg = Release|Any CPU
		{45A498CC-0FDF-4B3B-833B-FD0B008AA8D9}.Release|Any CPU.Build.0 = Release|Any CPU
		{45A498CC-0FDF-4B3B-833B-FD0B008AA8D9}.Release|x64.ActiveCfg = Release|Any CPU
		{02E49EBA-183A-4599-AE1B-3F285F4C6DF2}.Debug|Any CPU.ActiveCfg = Debug|Any CPU
		{02E49EBA-183A-4599-AE1B-3F285F4C6DF2}.Debug|Any CPU.Build.0 = Debug|Any CPU
		{02E49EBA-183A-4599-AE1B-3F285F4C6DF2}.Debug|x64.ActiveCfg = Debug|Any CPU
		{02E49EBA-183A-4599-AE1B-3F285F4C6DF2}.DEV_PROD_REFRESH|Any CPU.ActiveCfg = Debug|Any CPU
		{02E49EBA-183A-4599-AE1B-3F285F4C6DF2}.DEV_PROD_REFRESH|Any CPU.Build.0 = Debug|Any CPU
		{02E49EBA-183A-4599-AE1B-3F285F4C6DF2}.DEV_PROD_REFRESH|x64.ActiveCfg = Debug|Any CPU
		{02E49EBA-183A-4599-AE1B-3F285F4C6DF2}.DEV|Any CPU.ActiveCfg = DEV|Any CPU
		{02E49EBA-183A-4599-AE1B-3F285F4C6DF2}.DEV|Any CPU.Build.0 = DEV|Any CPU
		{02E49EBA-183A-4599-AE1B-3F285F4C6DF2}.DEV|x64.ActiveCfg = DEV|Any CPU
		{02E49EBA-183A-4599-AE1B-3F285F4C6DF2}.LoadTesting|Any CPU.ActiveCfg = Release|Any CPU
		{02E49EBA-183A-4599-AE1B-3F285F4C6DF2}.LoadTesting|Any CPU.Build.0 = Release|Any CPU
		{02E49EBA-183A-4599-AE1B-3F285F4C6DF2}.LoadTesting|x64.ActiveCfg = Release|Any CPU
		{02E49EBA-183A-4599-AE1B-3F285F4C6DF2}.PRISTINE|Any CPU.ActiveCfg = PRISTINE|Any CPU
		{02E49EBA-183A-4599-AE1B-3F285F4C6DF2}.PRISTINE|Any CPU.Build.0 = PRISTINE|Any CPU
		{02E49EBA-183A-4599-AE1B-3F285F4C6DF2}.PRISTINE|Any CPU.Deploy.0 = PRISTINE|Any CPU
		{02E49EBA-183A-4599-AE1B-3F285F4C6DF2}.PRISTINE|x64.ActiveCfg = Release|Any CPU
		{02E49EBA-183A-4599-AE1B-3F285F4C6DF2}.PROD|Any CPU.ActiveCfg = PROD|Any CPU
		{02E49EBA-183A-4599-AE1B-3F285F4C6DF2}.PROD|Any CPU.Build.0 = PROD|Any CPU
		{02E49EBA-183A-4599-AE1B-3F285F4C6DF2}.PROD|x64.ActiveCfg = Release|Any CPU
		{02E49EBA-183A-4599-AE1B-3F285F4C6DF2}.QA|Any CPU.ActiveCfg = QA|Any CPU
		{02E49EBA-183A-4599-AE1B-3F285F4C6DF2}.QA|Any CPU.Build.0 = QA|Any CPU
		{02E49EBA-183A-4599-AE1B-3F285F4C6DF2}.QA|x64.ActiveCfg = QA|Any CPU
		{02E49EBA-183A-4599-AE1B-3F285F4C6DF2}.Release|Any CPU.ActiveCfg = Release|Any CPU
		{02E49EBA-183A-4599-AE1B-3F285F4C6DF2}.Release|Any CPU.Build.0 = Release|Any CPU
		{02E49EBA-183A-4599-AE1B-3F285F4C6DF2}.Release|x64.ActiveCfg = Release|Any CPU
		{DC4AEAAB-7123-4E1C-BD7D-FB0913C68B2C}.Debug|Any CPU.ActiveCfg = Debug|Any CPU
		{DC4AEAAB-7123-4E1C-BD7D-FB0913C68B2C}.Debug|Any CPU.Build.0 = Debug|Any CPU
		{DC4AEAAB-7123-4E1C-BD7D-FB0913C68B2C}.Debug|x64.ActiveCfg = Debug|Any CPU
		{DC4AEAAB-7123-4E1C-BD7D-FB0913C68B2C}.DEV_PROD_REFRESH|Any CPU.ActiveCfg = Debug|Any CPU
		{DC4AEAAB-7123-4E1C-BD7D-FB0913C68B2C}.DEV_PROD_REFRESH|Any CPU.Build.0 = Debug|Any CPU
		{DC4AEAAB-7123-4E1C-BD7D-FB0913C68B2C}.DEV_PROD_REFRESH|x64.ActiveCfg = Debug|Any CPU
		{DC4AEAAB-7123-4E1C-BD7D-FB0913C68B2C}.DEV|Any CPU.ActiveCfg = DEV|Any CPU
		{DC4AEAAB-7123-4E1C-BD7D-FB0913C68B2C}.DEV|Any CPU.Build.0 = DEV|Any CPU
		{DC4AEAAB-7123-4E1C-BD7D-FB0913C68B2C}.DEV|x64.ActiveCfg = DEV|Any CPU
		{DC4AEAAB-7123-4E1C-BD7D-FB0913C68B2C}.LoadTesting|Any CPU.ActiveCfg = Release|Any CPU
		{DC4AEAAB-7123-4E1C-BD7D-FB0913C68B2C}.LoadTesting|Any CPU.Build.0 = Release|Any CPU
		{DC4AEAAB-7123-4E1C-BD7D-FB0913C68B2C}.LoadTesting|x64.ActiveCfg = Release|Any CPU
		{DC4AEAAB-7123-4E1C-BD7D-FB0913C68B2C}.PRISTINE|Any CPU.ActiveCfg = Release|Any CPU
		{DC4AEAAB-7123-4E1C-BD7D-FB0913C68B2C}.PRISTINE|Any CPU.Build.0 = Release|Any CPU
		{DC4AEAAB-7123-4E1C-BD7D-FB0913C68B2C}.PRISTINE|x64.ActiveCfg = Release|Any CPU
		{DC4AEAAB-7123-4E1C-BD7D-FB0913C68B2C}.PROD|Any CPU.ActiveCfg = Release|Any CPU
		{DC4AEAAB-7123-4E1C-BD7D-FB0913C68B2C}.PROD|Any CPU.Build.0 = Release|Any CPU
		{DC4AEAAB-7123-4E1C-BD7D-FB0913C68B2C}.PROD|x64.ActiveCfg = Release|Any CPU
		{DC4AEAAB-7123-4E1C-BD7D-FB0913C68B2C}.QA|Any CPU.ActiveCfg = QA|Any CPU
		{DC4AEAAB-7123-4E1C-BD7D-FB0913C68B2C}.QA|Any CPU.Build.0 = QA|Any CPU
		{DC4AEAAB-7123-4E1C-BD7D-FB0913C68B2C}.QA|x64.ActiveCfg = QA|Any CPU
		{DC4AEAAB-7123-4E1C-BD7D-FB0913C68B2C}.Release|Any CPU.ActiveCfg = Release|Any CPU
		{DC4AEAAB-7123-4E1C-BD7D-FB0913C68B2C}.Release|Any CPU.Build.0 = Release|Any CPU
		{DC4AEAAB-7123-4E1C-BD7D-FB0913C68B2C}.Release|x64.ActiveCfg = Release|Any CPU
		{B1D7B9EC-976A-4C09-A46F-81C1D7933B12}.Debug|Any CPU.ActiveCfg = Debug|Any CPU
		{B1D7B9EC-976A-4C09-A46F-81C1D7933B12}.Debug|Any CPU.Build.0 = Debug|Any CPU
		{B1D7B9EC-976A-4C09-A46F-81C1D7933B12}.Debug|x64.ActiveCfg = Debug|Any CPU
		{B1D7B9EC-976A-4C09-A46F-81C1D7933B12}.DEV_PROD_REFRESH|Any CPU.ActiveCfg = Debug|Any CPU
		{B1D7B9EC-976A-4C09-A46F-81C1D7933B12}.DEV_PROD_REFRESH|Any CPU.Build.0 = Debug|Any CPU
		{B1D7B9EC-976A-4C09-A46F-81C1D7933B12}.DEV_PROD_REFRESH|x64.ActiveCfg = Debug|Any CPU
		{B1D7B9EC-976A-4C09-A46F-81C1D7933B12}.DEV|Any CPU.ActiveCfg = DEV|Any CPU
		{B1D7B9EC-976A-4C09-A46F-81C1D7933B12}.DEV|Any CPU.Build.0 = DEV|Any CPU
		{B1D7B9EC-976A-4C09-A46F-81C1D7933B12}.DEV|x64.ActiveCfg = DEV|Any CPU
		{B1D7B9EC-976A-4C09-A46F-81C1D7933B12}.LoadTesting|Any CPU.ActiveCfg = Release|Any CPU
		{B1D7B9EC-976A-4C09-A46F-81C1D7933B12}.LoadTesting|Any CPU.Build.0 = Release|Any CPU
		{B1D7B9EC-976A-4C09-A46F-81C1D7933B12}.LoadTesting|x64.ActiveCfg = Release|Any CPU
		{B1D7B9EC-976A-4C09-A46F-81C1D7933B12}.PRISTINE|Any CPU.ActiveCfg = Release|Any CPU
		{B1D7B9EC-976A-4C09-A46F-81C1D7933B12}.PRISTINE|Any CPU.Build.0 = Release|Any CPU
		{B1D7B9EC-976A-4C09-A46F-81C1D7933B12}.PRISTINE|x64.ActiveCfg = Release|Any CPU
		{B1D7B9EC-976A-4C09-A46F-81C1D7933B12}.PROD|Any CPU.ActiveCfg = Release|Any CPU
		{B1D7B9EC-976A-4C09-A46F-81C1D7933B12}.PROD|Any CPU.Build.0 = Release|Any CPU
		{B1D7B9EC-976A-4C09-A46F-81C1D7933B12}.PROD|x64.ActiveCfg = Release|Any CPU
		{B1D7B9EC-976A-4C09-A46F-81C1D7933B12}.QA|Any CPU.ActiveCfg = QA|Any CPU
		{B1D7B9EC-976A-4C09-A46F-81C1D7933B12}.QA|Any CPU.Build.0 = QA|Any CPU
		{B1D7B9EC-976A-4C09-A46F-81C1D7933B12}.QA|x64.ActiveCfg = QA|Any CPU
		{B1D7B9EC-976A-4C09-A46F-81C1D7933B12}.Release|Any CPU.ActiveCfg = Release|Any CPU
		{B1D7B9EC-976A-4C09-A46F-81C1D7933B12}.Release|Any CPU.Build.0 = Release|Any CPU
		{B1D7B9EC-976A-4C09-A46F-81C1D7933B12}.Release|x64.ActiveCfg = Release|Any CPU
		{800708C5-6692-4C91-BE89-729A017B5027}.Debug|Any CPU.ActiveCfg = Debug|Any CPU
		{800708C5-6692-4C91-BE89-729A017B5027}.Debug|Any CPU.Build.0 = Debug|Any CPU
		{800708C5-6692-4C91-BE89-729A017B5027}.Debug|x64.ActiveCfg = Debug|Any CPU
		{800708C5-6692-4C91-BE89-729A017B5027}.DEV_PROD_REFRESH|Any CPU.ActiveCfg = Debug|Any CPU
		{800708C5-6692-4C91-BE89-729A017B5027}.DEV_PROD_REFRESH|Any CPU.Build.0 = Debug|Any CPU
		{800708C5-6692-4C91-BE89-729A017B5027}.DEV_PROD_REFRESH|x64.ActiveCfg = Debug|Any CPU
		{800708C5-6692-4C91-BE89-729A017B5027}.DEV|Any CPU.ActiveCfg = DEV|Any CPU
		{800708C5-6692-4C91-BE89-729A017B5027}.DEV|Any CPU.Build.0 = DEV|Any CPU
		{800708C5-6692-4C91-BE89-729A017B5027}.DEV|x64.ActiveCfg = DEV|Any CPU
		{800708C5-6692-4C91-BE89-729A017B5027}.LoadTesting|Any CPU.ActiveCfg = Release|Any CPU
		{800708C5-6692-4C91-BE89-729A017B5027}.LoadTesting|Any CPU.Build.0 = Release|Any CPU
		{800708C5-6692-4C91-BE89-729A017B5027}.LoadTesting|x64.ActiveCfg = Release|Any CPU
		{800708C5-6692-4C91-BE89-729A017B5027}.PRISTINE|Any CPU.ActiveCfg = Release|Any CPU
		{800708C5-6692-4C91-BE89-729A017B5027}.PRISTINE|Any CPU.Build.0 = Release|Any CPU
		{800708C5-6692-4C91-BE89-729A017B5027}.PRISTINE|x64.ActiveCfg = Release|Any CPU
		{800708C5-6692-4C91-BE89-729A017B5027}.PROD|Any CPU.ActiveCfg = Release|Any CPU
		{800708C5-6692-4C91-BE89-729A017B5027}.PROD|Any CPU.Build.0 = Release|Any CPU
		{800708C5-6692-4C91-BE89-729A017B5027}.PROD|x64.ActiveCfg = Release|Any CPU
		{800708C5-6692-4C91-BE89-729A017B5027}.QA|Any CPU.ActiveCfg = QA|Any CPU
		{800708C5-6692-4C91-BE89-729A017B5027}.QA|Any CPU.Build.0 = QA|Any CPU
		{800708C5-6692-4C91-BE89-729A017B5027}.QA|x64.ActiveCfg = QA|Any CPU
		{800708C5-6692-4C91-BE89-729A017B5027}.Release|Any CPU.ActiveCfg = Release|Any CPU
		{800708C5-6692-4C91-BE89-729A017B5027}.Release|Any CPU.Build.0 = Release|Any CPU
		{800708C5-6692-4C91-BE89-729A017B5027}.Release|x64.ActiveCfg = Release|Any CPU
		{DCC579E2-F0D2-48C9-B660-DFAF8858C40C}.Debug|Any CPU.ActiveCfg = Debug|Any CPU
		{DCC579E2-F0D2-48C9-B660-DFAF8858C40C}.Debug|Any CPU.Build.0 = Debug|Any CPU
		{DCC579E2-F0D2-48C9-B660-DFAF8858C40C}.Debug|x64.ActiveCfg = Debug|Any CPU
		{DCC579E2-F0D2-48C9-B660-DFAF8858C40C}.DEV_PROD_REFRESH|Any CPU.ActiveCfg = Debug|Any CPU
		{DCC579E2-F0D2-48C9-B660-DFAF8858C40C}.DEV_PROD_REFRESH|Any CPU.Build.0 = Debug|Any CPU
		{DCC579E2-F0D2-48C9-B660-DFAF8858C40C}.DEV_PROD_REFRESH|x64.ActiveCfg = Debug|Any CPU
		{DCC579E2-F0D2-48C9-B660-DFAF8858C40C}.DEV|Any CPU.ActiveCfg = DEV|Any CPU
		{DCC579E2-F0D2-48C9-B660-DFAF8858C40C}.DEV|Any CPU.Build.0 = DEV|Any CPU
		{DCC579E2-F0D2-48C9-B660-DFAF8858C40C}.DEV|x64.ActiveCfg = DEV|Any CPU
		{DCC579E2-F0D2-48C9-B660-DFAF8858C40C}.LoadTesting|Any CPU.ActiveCfg = Release|Any CPU
		{DCC579E2-F0D2-48C9-B660-DFAF8858C40C}.LoadTesting|Any CPU.Build.0 = Release|Any CPU
		{DCC579E2-F0D2-48C9-B660-DFAF8858C40C}.LoadTesting|x64.ActiveCfg = Release|Any CPU
		{DCC579E2-F0D2-48C9-B660-DFAF8858C40C}.PRISTINE|Any CPU.ActiveCfg = Release|Any CPU
		{DCC579E2-F0D2-48C9-B660-DFAF8858C40C}.PRISTINE|Any CPU.Build.0 = Release|Any CPU
		{DCC579E2-F0D2-48C9-B660-DFAF8858C40C}.PRISTINE|x64.ActiveCfg = Release|Any CPU
		{DCC579E2-F0D2-48C9-B660-DFAF8858C40C}.PROD|Any CPU.ActiveCfg = Release|Any CPU
		{DCC579E2-F0D2-48C9-B660-DFAF8858C40C}.PROD|Any CPU.Build.0 = Release|Any CPU
		{DCC579E2-F0D2-48C9-B660-DFAF8858C40C}.PROD|x64.ActiveCfg = Release|Any CPU
		{DCC579E2-F0D2-48C9-B660-DFAF8858C40C}.QA|Any CPU.ActiveCfg = QA|Any CPU
		{DCC579E2-F0D2-48C9-B660-DFAF8858C40C}.QA|Any CPU.Build.0 = QA|Any CPU
		{DCC579E2-F0D2-48C9-B660-DFAF8858C40C}.QA|x64.ActiveCfg = QA|Any CPU
		{DCC579E2-F0D2-48C9-B660-DFAF8858C40C}.Release|Any CPU.ActiveCfg = Release|Any CPU
		{DCC579E2-F0D2-48C9-B660-DFAF8858C40C}.Release|Any CPU.Build.0 = Release|Any CPU
		{DCC579E2-F0D2-48C9-B660-DFAF8858C40C}.Release|x64.ActiveCfg = Release|Any CPU
		{718F7559-6447-4674-AFA4-61A46A1732CB}.Debug|Any CPU.ActiveCfg = Debug|Any CPU
		{718F7559-6447-4674-AFA4-61A46A1732CB}.Debug|Any CPU.Build.0 = Debug|Any CPU
		{718F7559-6447-4674-AFA4-61A46A1732CB}.Debug|x64.ActiveCfg = Debug|Any CPU
		{718F7559-6447-4674-AFA4-61A46A1732CB}.DEV_PROD_REFRESH|Any CPU.ActiveCfg = Debug|Any CPU
		{718F7559-6447-4674-AFA4-61A46A1732CB}.DEV_PROD_REFRESH|Any CPU.Build.0 = Debug|Any CPU
		{718F7559-6447-4674-AFA4-61A46A1732CB}.DEV_PROD_REFRESH|x64.ActiveCfg = Debug|Any CPU
		{718F7559-6447-4674-AFA4-61A46A1732CB}.DEV|Any CPU.ActiveCfg = DEV|Any CPU
		{718F7559-6447-4674-AFA4-61A46A1732CB}.DEV|Any CPU.Build.0 = DEV|Any CPU
		{718F7559-6447-4674-AFA4-61A46A1732CB}.DEV|x64.ActiveCfg = DEV|Any CPU
		{718F7559-6447-4674-AFA4-61A46A1732CB}.LoadTesting|Any CPU.ActiveCfg = Release|Any CPU
		{718F7559-6447-4674-AFA4-61A46A1732CB}.LoadTesting|Any CPU.Build.0 = Release|Any CPU
		{718F7559-6447-4674-AFA4-61A46A1732CB}.LoadTesting|x64.ActiveCfg = Release|Any CPU
		{718F7559-6447-4674-AFA4-61A46A1732CB}.PRISTINE|Any CPU.ActiveCfg = Release|Any CPU
		{718F7559-6447-4674-AFA4-61A46A1732CB}.PRISTINE|Any CPU.Build.0 = Release|Any CPU
		{718F7559-6447-4674-AFA4-61A46A1732CB}.PRISTINE|x64.ActiveCfg = Release|Any CPU
		{718F7559-6447-4674-AFA4-61A46A1732CB}.PROD|Any CPU.ActiveCfg = Release|Any CPU
		{718F7559-6447-4674-AFA4-61A46A1732CB}.PROD|Any CPU.Build.0 = Release|Any CPU
		{718F7559-6447-4674-AFA4-61A46A1732CB}.PROD|x64.ActiveCfg = Release|Any CPU
		{718F7559-6447-4674-AFA4-61A46A1732CB}.QA|Any CPU.ActiveCfg = QA|Any CPU
		{718F7559-6447-4674-AFA4-61A46A1732CB}.QA|Any CPU.Build.0 = QA|Any CPU
		{718F7559-6447-4674-AFA4-61A46A1732CB}.QA|x64.ActiveCfg = QA|Any CPU
		{718F7559-6447-4674-AFA4-61A46A1732CB}.Release|Any CPU.ActiveCfg = Release|Any CPU
		{718F7559-6447-4674-AFA4-61A46A1732CB}.Release|Any CPU.Build.0 = Release|Any CPU
		{718F7559-6447-4674-AFA4-61A46A1732CB}.Release|x64.ActiveCfg = Release|Any CPU
		{756A544B-3923-4A7E-847A-9AAB50FEB106}.Debug|Any CPU.ActiveCfg = Debug|Any CPU
		{756A544B-3923-4A7E-847A-9AAB50FEB106}.Debug|Any CPU.Build.0 = Debug|Any CPU
		{756A544B-3923-4A7E-847A-9AAB50FEB106}.Debug|x64.ActiveCfg = Debug|Any CPU
		{756A544B-3923-4A7E-847A-9AAB50FEB106}.DEV_PROD_REFRESH|Any CPU.ActiveCfg = DEV_PROD_REFRESH|Any CPU
		{756A544B-3923-4A7E-847A-9AAB50FEB106}.DEV_PROD_REFRESH|Any CPU.Build.0 = DEV_PROD_REFRESH|Any CPU
		{756A544B-3923-4A7E-847A-9AAB50FEB106}.DEV_PROD_REFRESH|x64.ActiveCfg = DEV_PROD_REFRESH|Any CPU
		{756A544B-3923-4A7E-847A-9AAB50FEB106}.DEV|Any CPU.ActiveCfg = DEV|Any CPU
		{756A544B-3923-4A7E-847A-9AAB50FEB106}.DEV|Any CPU.Build.0 = DEV|Any CPU
		{756A544B-3923-4A7E-847A-9AAB50FEB106}.DEV|x64.ActiveCfg = DEV|Any CPU
		{756A544B-3923-4A7E-847A-9AAB50FEB106}.LoadTesting|Any CPU.ActiveCfg = LoadTesting|Any CPU
		{756A544B-3923-4A7E-847A-9AAB50FEB106}.LoadTesting|Any CPU.Build.0 = LoadTesting|Any CPU
		{756A544B-3923-4A7E-847A-9AAB50FEB106}.LoadTesting|x64.ActiveCfg = LoadTesting|Any CPU
		{756A544B-3923-4A7E-847A-9AAB50FEB106}.PRISTINE|Any CPU.ActiveCfg = PRISTINE|Any CPU
		{756A544B-3923-4A7E-847A-9AAB50FEB106}.PRISTINE|Any CPU.Build.0 = PRISTINE|Any CPU
		{756A544B-3923-4A7E-847A-9AAB50FEB106}.PRISTINE|x64.ActiveCfg = PRISTINE|Any CPU
		{756A544B-3923-4A7E-847A-9AAB50FEB106}.PROD|Any CPU.ActiveCfg = PROD|Any CPU
		{756A544B-3923-4A7E-847A-9AAB50FEB106}.PROD|Any CPU.Build.0 = PROD|Any CPU
		{756A544B-3923-4A7E-847A-9AAB50FEB106}.PROD|x64.ActiveCfg = PROD|Any CPU
		{756A544B-3923-4A7E-847A-9AAB50FEB106}.QA|Any CPU.ActiveCfg = QA|Any CPU
		{756A544B-3923-4A7E-847A-9AAB50FEB106}.QA|Any CPU.Build.0 = QA|Any CPU
		{756A544B-3923-4A7E-847A-9AAB50FEB106}.QA|x64.ActiveCfg = QA|Any CPU
		{756A544B-3923-4A7E-847A-9AAB50FEB106}.Release|Any CPU.ActiveCfg = Release|Any CPU
		{756A544B-3923-4A7E-847A-9AAB50FEB106}.Release|Any CPU.Build.0 = Release|Any CPU
		{756A544B-3923-4A7E-847A-9AAB50FEB106}.Release|x64.ActiveCfg = Release|Any CPU
		{ABEDE889-2258-4429-87C8-96AF317C7593}.Debug|Any CPU.ActiveCfg = Debug|Any CPU
		{ABEDE889-2258-4429-87C8-96AF317C7593}.Debug|Any CPU.Build.0 = Debug|Any CPU
		{ABEDE889-2258-4429-87C8-96AF317C7593}.Debug|x64.ActiveCfg = Debug|Any CPU
		{ABEDE889-2258-4429-87C8-96AF317C7593}.DEV_PROD_REFRESH|Any CPU.ActiveCfg = DEV_PROD_REFRESH|Any CPU
		{ABEDE889-2258-4429-87C8-96AF317C7593}.DEV_PROD_REFRESH|Any CPU.Build.0 = DEV_PROD_REFRESH|Any CPU
		{ABEDE889-2258-4429-87C8-96AF317C7593}.DEV_PROD_REFRESH|x64.ActiveCfg = DEV_PROD_REFRESH|Any CPU
		{ABEDE889-2258-4429-87C8-96AF317C7593}.DEV|Any CPU.ActiveCfg = DEV|Any CPU
		{ABEDE889-2258-4429-87C8-96AF317C7593}.DEV|Any CPU.Build.0 = DEV|Any CPU
		{ABEDE889-2258-4429-87C8-96AF317C7593}.DEV|x64.ActiveCfg = DEV|Any CPU
		{ABEDE889-2258-4429-87C8-96AF317C7593}.LoadTesting|Any CPU.ActiveCfg = LoadTesting|Any CPU
		{ABEDE889-2258-4429-87C8-96AF317C7593}.LoadTesting|Any CPU.Build.0 = LoadTesting|Any CPU
		{ABEDE889-2258-4429-87C8-96AF317C7593}.LoadTesting|x64.ActiveCfg = LoadTesting|Any CPU
		{ABEDE889-2258-4429-87C8-96AF317C7593}.PRISTINE|Any CPU.ActiveCfg = PRISTINE|Any CPU
		{ABEDE889-2258-4429-87C8-96AF317C7593}.PRISTINE|Any CPU.Build.0 = PRISTINE|Any CPU
		{ABEDE889-2258-4429-87C8-96AF317C7593}.PRISTINE|x64.ActiveCfg = PRISTINE|Any CPU
		{ABEDE889-2258-4429-87C8-96AF317C7593}.PROD|Any CPU.ActiveCfg = PROD|Any CPU
		{ABEDE889-2258-4429-87C8-96AF317C7593}.PROD|Any CPU.Build.0 = PROD|Any CPU
		{ABEDE889-2258-4429-87C8-96AF317C7593}.PROD|x64.ActiveCfg = PROD|Any CPU
		{ABEDE889-2258-4429-87C8-96AF317C7593}.QA|Any CPU.ActiveCfg = QA|Any CPU
		{ABEDE889-2258-4429-87C8-96AF317C7593}.QA|Any CPU.Build.0 = QA|Any CPU
		{ABEDE889-2258-4429-87C8-96AF317C7593}.QA|x64.ActiveCfg = QA|Any CPU
		{ABEDE889-2258-4429-87C8-96AF317C7593}.Release|Any CPU.ActiveCfg = Release|Any CPU
		{ABEDE889-2258-4429-87C8-96AF317C7593}.Release|Any CPU.Build.0 = Release|Any CPU
		{ABEDE889-2258-4429-87C8-96AF317C7593}.Release|x64.ActiveCfg = Release|Any CPU
		{71124912-42B5-49BF-ACBD-E38F09FACA70}.Debug|Any CPU.ActiveCfg = Debug|Any CPU
		{71124912-42B5-49BF-ACBD-E38F09FACA70}.Debug|Any CPU.Build.0 = Debug|Any CPU
		{71124912-42B5-49BF-ACBD-E38F09FACA70}.Debug|x64.ActiveCfg = Debug|x64
		{71124912-42B5-49BF-ACBD-E38F09FACA70}.Debug|x64.Build.0 = Debug|x64
		{71124912-42B5-49BF-ACBD-E38F09FACA70}.DEV_PROD_REFRESH|Any CPU.ActiveCfg = DEV_PROD_REFRESH|Any CPU
		{71124912-42B5-49BF-ACBD-E38F09FACA70}.DEV_PROD_REFRESH|Any CPU.Build.0 = DEV_PROD_REFRESH|Any CPU
		{71124912-42B5-49BF-ACBD-E38F09FACA70}.DEV_PROD_REFRESH|x64.ActiveCfg = DEV_PROD_REFRESH|x64
		{71124912-42B5-49BF-ACBD-E38F09FACA70}.DEV_PROD_REFRESH|x64.Build.0 = DEV_PROD_REFRESH|x64
		{71124912-42B5-49BF-ACBD-E38F09FACA70}.DEV|Any CPU.ActiveCfg = DEV|Any CPU
		{71124912-42B5-49BF-ACBD-E38F09FACA70}.DEV|Any CPU.Build.0 = DEV|Any CPU
		{71124912-42B5-49BF-ACBD-E38F09FACA70}.DEV|x64.ActiveCfg = DEV|x64
		{71124912-42B5-49BF-ACBD-E38F09FACA70}.DEV|x64.Build.0 = DEV|x64
		{71124912-42B5-49BF-ACBD-E38F09FACA70}.LoadTesting|Any CPU.ActiveCfg = LoadTesting|Any CPU
		{71124912-42B5-49BF-ACBD-E38F09FACA70}.LoadTesting|Any CPU.Build.0 = LoadTesting|Any CPU
		{71124912-42B5-49BF-ACBD-E38F09FACA70}.LoadTesting|x64.ActiveCfg = LoadTesting|x64
		{71124912-42B5-49BF-ACBD-E38F09FACA70}.LoadTesting|x64.Build.0 = LoadTesting|x64
		{71124912-42B5-49BF-ACBD-E38F09FACA70}.PRISTINE|Any CPU.ActiveCfg = PRISTINE|Any CPU
		{71124912-42B5-49BF-ACBD-E38F09FACA70}.PRISTINE|Any CPU.Build.0 = PRISTINE|Any CPU
		{71124912-42B5-49BF-ACBD-E38F09FACA70}.PRISTINE|x64.ActiveCfg = PRISTINE|x64
		{71124912-42B5-49BF-ACBD-E38F09FACA70}.PRISTINE|x64.Build.0 = PRISTINE|x64
		{71124912-42B5-49BF-ACBD-E38F09FACA70}.PROD|Any CPU.ActiveCfg = PROD|Any CPU
		{71124912-42B5-49BF-ACBD-E38F09FACA70}.PROD|Any CPU.Build.0 = PROD|Any CPU
		{71124912-42B5-49BF-ACBD-E38F09FACA70}.PROD|x64.ActiveCfg = PROD|x64
		{71124912-42B5-49BF-ACBD-E38F09FACA70}.PROD|x64.Build.0 = PROD|x64
		{71124912-42B5-49BF-ACBD-E38F09FACA70}.QA|Any CPU.ActiveCfg = QA|Any CPU
		{71124912-42B5-49BF-ACBD-E38F09FACA70}.QA|Any CPU.Build.0 = QA|Any CPU
		{71124912-42B5-49BF-ACBD-E38F09FACA70}.QA|x64.ActiveCfg = QA|x64
		{71124912-42B5-49BF-ACBD-E38F09FACA70}.QA|x64.Build.0 = QA|x64
		{71124912-42B5-49BF-ACBD-E38F09FACA70}.Release|Any CPU.ActiveCfg = Release|Any CPU
		{71124912-42B5-49BF-ACBD-E38F09FACA70}.Release|Any CPU.Build.0 = Release|Any CPU
		{71124912-42B5-49BF-ACBD-E38F09FACA70}.Release|x64.ActiveCfg = Release|x64
		{71124912-42B5-49BF-ACBD-E38F09FACA70}.Release|x64.Build.0 = Release|x64
		{392A9467-B225-4300-BC1A-F34983AFBC3D}.Debug|Any CPU.ActiveCfg = Debug|Any CPU
		{392A9467-B225-4300-BC1A-F34983AFBC3D}.Debug|Any CPU.Build.0 = Debug|Any CPU
		{392A9467-B225-4300-BC1A-F34983AFBC3D}.Debug|x64.ActiveCfg = Debug|x64
		{392A9467-B225-4300-BC1A-F34983AFBC3D}.Debug|x64.Build.0 = Debug|x64
		{392A9467-B225-4300-BC1A-F34983AFBC3D}.DEV_PROD_REFRESH|Any CPU.ActiveCfg = DEV_PROD_REFRESH|Any CPU
		{392A9467-B225-4300-BC1A-F34983AFBC3D}.DEV_PROD_REFRESH|Any CPU.Build.0 = DEV_PROD_REFRESH|Any CPU
		{392A9467-B225-4300-BC1A-F34983AFBC3D}.DEV_PROD_REFRESH|x64.ActiveCfg = DEV_PROD_REFRESH|x64
		{392A9467-B225-4300-BC1A-F34983AFBC3D}.DEV_PROD_REFRESH|x64.Build.0 = DEV_PROD_REFRESH|x64
		{392A9467-B225-4300-BC1A-F34983AFBC3D}.DEV|Any CPU.ActiveCfg = DEV|Any CPU
		{392A9467-B225-4300-BC1A-F34983AFBC3D}.DEV|Any CPU.Build.0 = DEV|Any CPU
		{392A9467-B225-4300-BC1A-F34983AFBC3D}.DEV|x64.ActiveCfg = DEV|x64
		{392A9467-B225-4300-BC1A-F34983AFBC3D}.DEV|x64.Build.0 = DEV|x64
		{392A9467-B225-4300-BC1A-F34983AFBC3D}.LoadTesting|Any CPU.ActiveCfg = LoadTesting|Any CPU
		{392A9467-B225-4300-BC1A-F34983AFBC3D}.LoadTesting|Any CPU.Build.0 = LoadTesting|Any CPU
		{392A9467-B225-4300-BC1A-F34983AFBC3D}.LoadTesting|x64.ActiveCfg = LoadTesting|x64
		{392A9467-B225-4300-BC1A-F34983AFBC3D}.LoadTesting|x64.Build.0 = LoadTesting|x64
		{392A9467-B225-4300-BC1A-F34983AFBC3D}.PRISTINE|Any CPU.ActiveCfg = PRISTINE|Any CPU
		{392A9467-B225-4300-BC1A-F34983AFBC3D}.PRISTINE|Any CPU.Build.0 = PRISTINE|Any CPU
		{392A9467-B225-4300-BC1A-F34983AFBC3D}.PRISTINE|x64.ActiveCfg = PRISTINE|x64
		{392A9467-B225-4300-BC1A-F34983AFBC3D}.PRISTINE|x64.Build.0 = PRISTINE|x64
		{392A9467-B225-4300-BC1A-F34983AFBC3D}.PROD|Any CPU.ActiveCfg = PROD|Any CPU
		{392A9467-B225-4300-BC1A-F34983AFBC3D}.PROD|Any CPU.Build.0 = PROD|Any CPU
		{392A9467-B225-4300-BC1A-F34983AFBC3D}.PROD|x64.ActiveCfg = PROD|x64
		{392A9467-B225-4300-BC1A-F34983AFBC3D}.PROD|x64.Build.0 = PROD|x64
		{392A9467-B225-4300-BC1A-F34983AFBC3D}.QA|Any CPU.ActiveCfg = QA|Any CPU
		{392A9467-B225-4300-BC1A-F34983AFBC3D}.QA|Any CPU.Build.0 = QA|Any CPU
		{392A9467-B225-4300-BC1A-F34983AFBC3D}.QA|x64.ActiveCfg = QA|x64
		{392A9467-B225-4300-BC1A-F34983AFBC3D}.QA|x64.Build.0 = QA|x64
		{392A9467-B225-4300-BC1A-F34983AFBC3D}.Release|Any CPU.ActiveCfg = Release|Any CPU
		{392A9467-B225-4300-BC1A-F34983AFBC3D}.Release|Any CPU.Build.0 = Release|Any CPU
		{392A9467-B225-4300-BC1A-F34983AFBC3D}.Release|x64.ActiveCfg = Release|x64
		{392A9467-B225-4300-BC1A-F34983AFBC3D}.Release|x64.Build.0 = Release|x64
		{BC9BEF83-63D6-4A27-9BD2-6787EF9A8F5B}.Debug|Any CPU.ActiveCfg = Debug|Any CPU
		{BC9BEF83-63D6-4A27-9BD2-6787EF9A8F5B}.Debug|Any CPU.Build.0 = Debug|Any CPU
		{BC9BEF83-63D6-4A27-9BD2-6787EF9A8F5B}.Debug|x64.ActiveCfg = Debug|x64
		{BC9BEF83-63D6-4A27-9BD2-6787EF9A8F5B}.Debug|x64.Build.0 = Debug|x64
		{BC9BEF83-63D6-4A27-9BD2-6787EF9A8F5B}.DEV_PROD_REFRESH|Any CPU.ActiveCfg = DEV_PROD_REFRESH|Any CPU
		{BC9BEF83-63D6-4A27-9BD2-6787EF9A8F5B}.DEV_PROD_REFRESH|Any CPU.Build.0 = DEV_PROD_REFRESH|Any CPU
		{BC9BEF83-63D6-4A27-9BD2-6787EF9A8F5B}.DEV_PROD_REFRESH|x64.ActiveCfg = DEV_PROD_REFRESH|x64
		{BC9BEF83-63D6-4A27-9BD2-6787EF9A8F5B}.DEV_PROD_REFRESH|x64.Build.0 = DEV_PROD_REFRESH|x64
		{BC9BEF83-63D6-4A27-9BD2-6787EF9A8F5B}.DEV|Any CPU.ActiveCfg = DEV|Any CPU
		{BC9BEF83-63D6-4A27-9BD2-6787EF9A8F5B}.DEV|Any CPU.Build.0 = DEV|Any CPU
		{BC9BEF83-63D6-4A27-9BD2-6787EF9A8F5B}.DEV|x64.ActiveCfg = DEV|x64
		{BC9BEF83-63D6-4A27-9BD2-6787EF9A8F5B}.DEV|x64.Build.0 = DEV|x64
		{BC9BEF83-63D6-4A27-9BD2-6787EF9A8F5B}.LoadTesting|Any CPU.ActiveCfg = LoadTesting|Any CPU
		{BC9BEF83-63D6-4A27-9BD2-6787EF9A8F5B}.LoadTesting|Any CPU.Build.0 = LoadTesting|Any CPU
		{BC9BEF83-63D6-4A27-9BD2-6787EF9A8F5B}.LoadTesting|x64.ActiveCfg = LoadTesting|x64
		{BC9BEF83-63D6-4A27-9BD2-6787EF9A8F5B}.LoadTesting|x64.Build.0 = LoadTesting|x64
		{BC9BEF83-63D6-4A27-9BD2-6787EF9A8F5B}.PRISTINE|Any CPU.ActiveCfg = PRISTINE|Any CPU
		{BC9BEF83-63D6-4A27-9BD2-6787EF9A8F5B}.PRISTINE|Any CPU.Build.0 = PRISTINE|Any CPU
		{BC9BEF83-63D6-4A27-9BD2-6787EF9A8F5B}.PRISTINE|x64.ActiveCfg = PRISTINE|x64
		{BC9BEF83-63D6-4A27-9BD2-6787EF9A8F5B}.PRISTINE|x64.Build.0 = PRISTINE|x64
		{BC9BEF83-63D6-4A27-9BD2-6787EF9A8F5B}.PROD|Any CPU.ActiveCfg = PROD|Any CPU
		{BC9BEF83-63D6-4A27-9BD2-6787EF9A8F5B}.PROD|Any CPU.Build.0 = PROD|Any CPU
		{BC9BEF83-63D6-4A27-9BD2-6787EF9A8F5B}.PROD|x64.ActiveCfg = PROD|x64
		{BC9BEF83-63D6-4A27-9BD2-6787EF9A8F5B}.PROD|x64.Build.0 = PROD|x64
		{BC9BEF83-63D6-4A27-9BD2-6787EF9A8F5B}.QA|Any CPU.ActiveCfg = QA|Any CPU
		{BC9BEF83-63D6-4A27-9BD2-6787EF9A8F5B}.QA|Any CPU.Build.0 = QA|Any CPU
		{BC9BEF83-63D6-4A27-9BD2-6787EF9A8F5B}.QA|x64.ActiveCfg = QA|x64
		{BC9BEF83-63D6-4A27-9BD2-6787EF9A8F5B}.QA|x64.Build.0 = QA|x64
		{BC9BEF83-63D6-4A27-9BD2-6787EF9A8F5B}.Release|Any CPU.ActiveCfg = Release|Any CPU
		{BC9BEF83-63D6-4A27-9BD2-6787EF9A8F5B}.Release|Any CPU.Build.0 = Release|Any CPU
		{BC9BEF83-63D6-4A27-9BD2-6787EF9A8F5B}.Release|x64.ActiveCfg = Release|x64
		{BC9BEF83-63D6-4A27-9BD2-6787EF9A8F5B}.Release|x64.Build.0 = Release|x64
		{63B45011-8967-41AC-B6BB-0A2C42D01CB8}.Debug|Any CPU.ActiveCfg = Debug|Any CPU
		{63B45011-8967-41AC-B6BB-0A2C42D01CB8}.Debug|Any CPU.Build.0 = Debug|Any CPU
		{63B45011-8967-41AC-B6BB-0A2C42D01CB8}.Debug|x64.ActiveCfg = Debug|Any CPU
		{63B45011-8967-41AC-B6BB-0A2C42D01CB8}.DEV_PROD_REFRESH|Any CPU.ActiveCfg = DEV_PROD_REFRESH|Any CPU
		{63B45011-8967-41AC-B6BB-0A2C42D01CB8}.DEV_PROD_REFRESH|Any CPU.Build.0 = DEV_PROD_REFRESH|Any CPU
		{63B45011-8967-41AC-B6BB-0A2C42D01CB8}.DEV_PROD_REFRESH|x64.ActiveCfg = DEV_PROD_REFRESH|Any CPU
		{63B45011-8967-41AC-B6BB-0A2C42D01CB8}.DEV|Any CPU.ActiveCfg = DEV_PROD_REFRESH|Any CPU
		{63B45011-8967-41AC-B6BB-0A2C42D01CB8}.DEV|Any CPU.Build.0 = DEV_PROD_REFRESH|Any CPU
		{63B45011-8967-41AC-B6BB-0A2C42D01CB8}.DEV|x64.ActiveCfg = DEV_PROD_REFRESH|Any CPU
		{63B45011-8967-41AC-B6BB-0A2C42D01CB8}.LoadTesting|Any CPU.ActiveCfg = LoadTesting|Any CPU
		{63B45011-8967-41AC-B6BB-0A2C42D01CB8}.LoadTesting|Any CPU.Build.0 = LoadTesting|Any CPU
		{63B45011-8967-41AC-B6BB-0A2C42D01CB8}.LoadTesting|x64.ActiveCfg = LoadTesting|Any CPU
		{63B45011-8967-41AC-B6BB-0A2C42D01CB8}.PRISTINE|Any CPU.ActiveCfg = PRISTINE|Any CPU
		{63B45011-8967-41AC-B6BB-0A2C42D01CB8}.PRISTINE|Any CPU.Build.0 = PRISTINE|Any CPU
		{63B45011-8967-41AC-B6BB-0A2C42D01CB8}.PRISTINE|x64.ActiveCfg = PRISTINE|Any CPU
		{63B45011-8967-41AC-B6BB-0A2C42D01CB8}.PROD|Any CPU.ActiveCfg = PROD|Any CPU
		{63B45011-8967-41AC-B6BB-0A2C42D01CB8}.PROD|Any CPU.Build.0 = PROD|Any CPU
		{63B45011-8967-41AC-B6BB-0A2C42D01CB8}.PROD|x64.ActiveCfg = PROD|Any CPU
		{63B45011-8967-41AC-B6BB-0A2C42D01CB8}.QA|Any CPU.ActiveCfg = QA|Any CPU
		{63B45011-8967-41AC-B6BB-0A2C42D01CB8}.QA|Any CPU.Build.0 = QA|Any CPU
		{63B45011-8967-41AC-B6BB-0A2C42D01CB8}.QA|x64.ActiveCfg = QA|Any CPU
		{63B45011-8967-41AC-B6BB-0A2C42D01CB8}.Release|Any CPU.ActiveCfg = Release|Any CPU
		{63B45011-8967-41AC-B6BB-0A2C42D01CB8}.Release|Any CPU.Build.0 = Release|Any CPU
		{63B45011-8967-41AC-B6BB-0A2C42D01CB8}.Release|x64.ActiveCfg = Release|Any CPU
		{5D71B360-BDD7-4E5B-B551-5BE74E4339EF}.Debug|Any CPU.ActiveCfg = Debug|Any CPU
		{5D71B360-BDD7-4E5B-B551-5BE74E4339EF}.Debug|Any CPU.Build.0 = Debug|Any CPU
		{5D71B360-BDD7-4E5B-B551-5BE74E4339EF}.Debug|x64.ActiveCfg = Debug|x64
		{5D71B360-BDD7-4E5B-B551-5BE74E4339EF}.Debug|x64.Build.0 = Debug|x64
		{5D71B360-BDD7-4E5B-B551-5BE74E4339EF}.DEV_PROD_REFRESH|Any CPU.ActiveCfg = DEV_PROD_REFRESH|Any CPU
		{5D71B360-BDD7-4E5B-B551-5BE74E4339EF}.DEV_PROD_REFRESH|Any CPU.Build.0 = DEV_PROD_REFRESH|Any CPU
		{5D71B360-BDD7-4E5B-B551-5BE74E4339EF}.DEV_PROD_REFRESH|x64.ActiveCfg = DEV_PROD_REFRESH|x64
		{5D71B360-BDD7-4E5B-B551-5BE74E4339EF}.DEV_PROD_REFRESH|x64.Build.0 = DEV_PROD_REFRESH|x64
		{5D71B360-BDD7-4E5B-B551-5BE74E4339EF}.DEV|Any CPU.ActiveCfg = DEV|Any CPU
		{5D71B360-BDD7-4E5B-B551-5BE74E4339EF}.DEV|Any CPU.Build.0 = DEV|Any CPU
		{5D71B360-BDD7-4E5B-B551-5BE74E4339EF}.DEV|x64.ActiveCfg = DEV|x64
		{5D71B360-BDD7-4E5B-B551-5BE74E4339EF}.DEV|x64.Build.0 = DEV|x64
		{5D71B360-BDD7-4E5B-B551-5BE74E4339EF}.LoadTesting|Any CPU.ActiveCfg = LoadTesting|Any CPU
		{5D71B360-BDD7-4E5B-B551-5BE74E4339EF}.LoadTesting|Any CPU.Build.0 = LoadTesting|Any CPU
		{5D71B360-BDD7-4E5B-B551-5BE74E4339EF}.LoadTesting|x64.ActiveCfg = LoadTesting|x64
		{5D71B360-BDD7-4E5B-B551-5BE74E4339EF}.LoadTesting|x64.Build.0 = LoadTesting|x64
		{5D71B360-BDD7-4E5B-B551-5BE74E4339EF}.PRISTINE|Any CPU.ActiveCfg = PRISTINE|Any CPU
		{5D71B360-BDD7-4E5B-B551-5BE74E4339EF}.PRISTINE|Any CPU.Build.0 = PRISTINE|Any CPU
		{5D71B360-BDD7-4E5B-B551-5BE74E4339EF}.PRISTINE|x64.ActiveCfg = PRISTINE|x64
		{5D71B360-BDD7-4E5B-B551-5BE74E4339EF}.PRISTINE|x64.Build.0 = PRISTINE|x64
		{5D71B360-BDD7-4E5B-B551-5BE74E4339EF}.PROD|Any CPU.ActiveCfg = PROD|Any CPU
		{5D71B360-BDD7-4E5B-B551-5BE74E4339EF}.PROD|Any CPU.Build.0 = PROD|Any CPU
		{5D71B360-BDD7-4E5B-B551-5BE74E4339EF}.PROD|x64.ActiveCfg = PROD|x64
		{5D71B360-BDD7-4E5B-B551-5BE74E4339EF}.PROD|x64.Build.0 = PROD|x64
		{5D71B360-BDD7-4E5B-B551-5BE74E4339EF}.QA|Any CPU.ActiveCfg = QA|Any CPU
		{5D71B360-BDD7-4E5B-B551-5BE74E4339EF}.QA|Any CPU.Build.0 = QA|Any CPU
		{5D71B360-BDD7-4E5B-B551-5BE74E4339EF}.QA|x64.ActiveCfg = QA|x64
		{5D71B360-BDD7-4E5B-B551-5BE74E4339EF}.QA|x64.Build.0 = QA|x64
		{5D71B360-BDD7-4E5B-B551-5BE74E4339EF}.Release|Any CPU.ActiveCfg = Release|Any CPU
		{5D71B360-BDD7-4E5B-B551-5BE74E4339EF}.Release|Any CPU.Build.0 = Release|Any CPU
		{5D71B360-BDD7-4E5B-B551-5BE74E4339EF}.Release|x64.ActiveCfg = Release|x64
		{5D71B360-BDD7-4E5B-B551-5BE74E4339EF}.Release|x64.Build.0 = Release|x64
		{0F4B287E-C927-4AC5-BDD2-9FBAC3F36624}.Debug|Any CPU.ActiveCfg = Debug|Any CPU
		{0F4B287E-C927-4AC5-BDD2-9FBAC3F36624}.Debug|Any CPU.Build.0 = Debug|Any CPU
		{0F4B287E-C927-4AC5-BDD2-9FBAC3F36624}.Debug|x64.ActiveCfg = Debug|Any CPU
		{0F4B287E-C927-4AC5-BDD2-9FBAC3F36624}.DEV_PROD_REFRESH|Any CPU.ActiveCfg = Debug|Any CPU
		{0F4B287E-C927-4AC5-BDD2-9FBAC3F36624}.DEV_PROD_REFRESH|Any CPU.Build.0 = Debug|Any CPU
		{0F4B287E-C927-4AC5-BDD2-9FBAC3F36624}.DEV_PROD_REFRESH|x64.ActiveCfg = Debug|Any CPU
		{0F4B287E-C927-4AC5-BDD2-9FBAC3F36624}.DEV|Any CPU.ActiveCfg = Debug|Any CPU
		{0F4B287E-C927-4AC5-BDD2-9FBAC3F36624}.DEV|Any CPU.Build.0 = Debug|Any CPU
		{0F4B287E-C927-4AC5-BDD2-9FBAC3F36624}.DEV|x64.ActiveCfg = Debug|Any CPU
		{0F4B287E-C927-4AC5-BDD2-9FBAC3F36624}.LoadTesting|Any CPU.ActiveCfg = Release|Any CPU
		{0F4B287E-C927-4AC5-BDD2-9FBAC3F36624}.LoadTesting|Any CPU.Build.0 = Release|Any CPU
		{0F4B287E-C927-4AC5-BDD2-9FBAC3F36624}.LoadTesting|x64.ActiveCfg = Release|Any CPU
		{0F4B287E-C927-4AC5-BDD2-9FBAC3F36624}.PRISTINE|Any CPU.ActiveCfg = Release|Any CPU
		{0F4B287E-C927-4AC5-BDD2-9FBAC3F36624}.PRISTINE|Any CPU.Build.0 = Release|Any CPU
		{0F4B287E-C927-4AC5-BDD2-9FBAC3F36624}.PRISTINE|x64.ActiveCfg = Release|Any CPU
		{0F4B287E-C927-4AC5-BDD2-9FBAC3F36624}.PROD|Any CPU.ActiveCfg = Release|Any CPU
		{0F4B287E-C927-4AC5-BDD2-9FBAC3F36624}.PROD|Any CPU.Build.0 = Release|Any CPU
		{0F4B287E-C927-4AC5-BDD2-9FBAC3F36624}.PROD|x64.ActiveCfg = Release|Any CPU
		{0F4B287E-C927-4AC5-BDD2-9FBAC3F36624}.QA|Any CPU.ActiveCfg = Release|Any CPU
		{0F4B287E-C927-4AC5-BDD2-9FBAC3F36624}.QA|Any CPU.Build.0 = Release|Any CPU
		{0F4B287E-C927-4AC5-BDD2-9FBAC3F36624}.QA|x64.ActiveCfg = Release|Any CPU
		{0F4B287E-C927-4AC5-BDD2-9FBAC3F36624}.Release|Any CPU.ActiveCfg = Release|Any CPU
		{0F4B287E-C927-4AC5-BDD2-9FBAC3F36624}.Release|Any CPU.Build.0 = Release|Any CPU
		{0F4B287E-C927-4AC5-BDD2-9FBAC3F36624}.Release|x64.ActiveCfg = Release|Any CPU
		{05B302F3-4EC7-4FE9-AEF2-37679E1EC47D}.Debug|Any CPU.ActiveCfg = Debug|Any CPU
		{05B302F3-4EC7-4FE9-AEF2-37679E1EC47D}.Debug|Any CPU.Build.0 = Debug|Any CPU
		{05B302F3-4EC7-4FE9-AEF2-37679E1EC47D}.Debug|x64.ActiveCfg = Debug|Any CPU
		{05B302F3-4EC7-4FE9-AEF2-37679E1EC47D}.DEV_PROD_REFRESH|Any CPU.ActiveCfg = Debug|Any CPU
		{05B302F3-4EC7-4FE9-AEF2-37679E1EC47D}.DEV_PROD_REFRESH|Any CPU.Build.0 = Debug|Any CPU
		{05B302F3-4EC7-4FE9-AEF2-37679E1EC47D}.DEV_PROD_REFRESH|x64.ActiveCfg = Debug|Any CPU
		{05B302F3-4EC7-4FE9-AEF2-37679E1EC47D}.DEV|Any CPU.ActiveCfg = Debug|Any CPU
		{05B302F3-4EC7-4FE9-AEF2-37679E1EC47D}.DEV|Any CPU.Build.0 = Debug|Any CPU
		{05B302F3-4EC7-4FE9-AEF2-37679E1EC47D}.DEV|x64.ActiveCfg = Debug|Any CPU
		{05B302F3-4EC7-4FE9-AEF2-37679E1EC47D}.LoadTesting|Any CPU.ActiveCfg = Release|Any CPU
		{05B302F3-4EC7-4FE9-AEF2-37679E1EC47D}.LoadTesting|Any CPU.Build.0 = Release|Any CPU
		{05B302F3-4EC7-4FE9-AEF2-37679E1EC47D}.LoadTesting|x64.ActiveCfg = Release|Any CPU
		{05B302F3-4EC7-4FE9-AEF2-37679E1EC47D}.PRISTINE|Any CPU.ActiveCfg = Release|Any CPU
		{05B302F3-4EC7-4FE9-AEF2-37679E1EC47D}.PRISTINE|Any CPU.Build.0 = Release|Any CPU
		{05B302F3-4EC7-4FE9-AEF2-37679E1EC47D}.PRISTINE|x64.ActiveCfg = Release|Any CPU
		{05B302F3-4EC7-4FE9-AEF2-37679E1EC47D}.PROD|Any CPU.ActiveCfg = Release|Any CPU
		{05B302F3-4EC7-4FE9-AEF2-37679E1EC47D}.PROD|Any CPU.Build.0 = Release|Any CPU
		{05B302F3-4EC7-4FE9-AEF2-37679E1EC47D}.PROD|x64.ActiveCfg = Release|Any CPU
		{05B302F3-4EC7-4FE9-AEF2-37679E1EC47D}.QA|Any CPU.ActiveCfg = Release|Any CPU
		{05B302F3-4EC7-4FE9-AEF2-37679E1EC47D}.QA|Any CPU.Build.0 = Release|Any CPU
		{05B302F3-4EC7-4FE9-AEF2-37679E1EC47D}.QA|x64.ActiveCfg = Release|Any CPU
		{05B302F3-4EC7-4FE9-AEF2-37679E1EC47D}.Release|Any CPU.ActiveCfg = Release|Any CPU
		{05B302F3-4EC7-4FE9-AEF2-37679E1EC47D}.Release|Any CPU.Build.0 = Release|Any CPU
		{05B302F3-4EC7-4FE9-AEF2-37679E1EC47D}.Release|x64.ActiveCfg = Release|Any CPU
		{79D1137E-0FFD-4CBD-8B2A-29546A856306}.Debug|Any CPU.ActiveCfg = Debug|Any CPU
		{79D1137E-0FFD-4CBD-8B2A-29546A856306}.Debug|Any CPU.Build.0 = Debug|Any CPU
		{79D1137E-0FFD-4CBD-8B2A-29546A856306}.Debug|x64.ActiveCfg = Debug|Any CPU
		{79D1137E-0FFD-4CBD-8B2A-29546A856306}.DEV_PROD_REFRESH|Any CPU.ActiveCfg = Debug|Any CPU
		{79D1137E-0FFD-4CBD-8B2A-29546A856306}.DEV_PROD_REFRESH|Any CPU.Build.0 = Debug|Any CPU
		{79D1137E-0FFD-4CBD-8B2A-29546A856306}.DEV_PROD_REFRESH|x64.ActiveCfg = Debug|Any CPU
		{79D1137E-0FFD-4CBD-8B2A-29546A856306}.DEV|Any CPU.ActiveCfg = Debug|Any CPU
		{79D1137E-0FFD-4CBD-8B2A-29546A856306}.DEV|Any CPU.Build.0 = Debug|Any CPU
		{79D1137E-0FFD-4CBD-8B2A-29546A856306}.DEV|x64.ActiveCfg = Debug|Any CPU
		{79D1137E-0FFD-4CBD-8B2A-29546A856306}.LoadTesting|Any CPU.ActiveCfg = Release|Any CPU
		{79D1137E-0FFD-4CBD-8B2A-29546A856306}.LoadTesting|Any CPU.Build.0 = Release|Any CPU
		{79D1137E-0FFD-4CBD-8B2A-29546A856306}.LoadTesting|x64.ActiveCfg = Release|Any CPU
		{79D1137E-0FFD-4CBD-8B2A-29546A856306}.PRISTINE|Any CPU.ActiveCfg = Release|Any CPU
		{79D1137E-0FFD-4CBD-8B2A-29546A856306}.PRISTINE|Any CPU.Build.0 = Release|Any CPU
		{79D1137E-0FFD-4CBD-8B2A-29546A856306}.PRISTINE|x64.ActiveCfg = Release|Any CPU
		{79D1137E-0FFD-4CBD-8B2A-29546A856306}.PROD|Any CPU.ActiveCfg = Release|Any CPU
		{79D1137E-0FFD-4CBD-8B2A-29546A856306}.PROD|Any CPU.Build.0 = Release|Any CPU
		{79D1137E-0FFD-4CBD-8B2A-29546A856306}.PROD|x64.ActiveCfg = Release|Any CPU
		{79D1137E-0FFD-4CBD-8B2A-29546A856306}.QA|Any CPU.ActiveCfg = Release|Any CPU
		{79D1137E-0FFD-4CBD-8B2A-29546A856306}.QA|Any CPU.Build.0 = Release|Any CPU
		{79D1137E-0FFD-4CBD-8B2A-29546A856306}.QA|x64.ActiveCfg = Release|Any CPU
		{79D1137E-0FFD-4CBD-8B2A-29546A856306}.Release|Any CPU.ActiveCfg = Release|Any CPU
		{79D1137E-0FFD-4CBD-8B2A-29546A856306}.Release|Any CPU.Build.0 = Release|Any CPU
		{79D1137E-0FFD-4CBD-8B2A-29546A856306}.Release|x64.ActiveCfg = Release|Any CPU
		{38EAB49D-9618-4143-BFD2-5D4CD20BCFF6}.Debug|Any CPU.ActiveCfg = Debug|Any CPU
		{38EAB49D-9618-4143-BFD2-5D4CD20BCFF6}.Debug|Any CPU.Build.0 = Debug|Any CPU
		{38EAB49D-9618-4143-BFD2-5D4CD20BCFF6}.Debug|x64.ActiveCfg = Debug|Any CPU
		{38EAB49D-9618-4143-BFD2-5D4CD20BCFF6}.DEV_PROD_REFRESH|Any CPU.ActiveCfg = DEV|Any CPU
		{38EAB49D-9618-4143-BFD2-5D4CD20BCFF6}.DEV_PROD_REFRESH|Any CPU.Build.0 = DEV|Any CPU
		{38EAB49D-9618-4143-BFD2-5D4CD20BCFF6}.DEV_PROD_REFRESH|x64.ActiveCfg = DEV|Any CPU
		{38EAB49D-9618-4143-BFD2-5D4CD20BCFF6}.DEV|Any CPU.ActiveCfg = DEV|Any CPU
		{38EAB49D-9618-4143-BFD2-5D4CD20BCFF6}.DEV|Any CPU.Build.0 = DEV|Any CPU
		{38EAB49D-9618-4143-BFD2-5D4CD20BCFF6}.DEV|x64.ActiveCfg = DEV|Any CPU
		{38EAB49D-9618-4143-BFD2-5D4CD20BCFF6}.LoadTesting|Any CPU.ActiveCfg = QA|Any CPU
		{38EAB49D-9618-4143-BFD2-5D4CD20BCFF6}.LoadTesting|Any CPU.Build.0 = QA|Any CPU
		{38EAB49D-9618-4143-BFD2-5D4CD20BCFF6}.LoadTesting|x64.ActiveCfg = QA|Any CPU
		{38EAB49D-9618-4143-BFD2-5D4CD20BCFF6}.PRISTINE|Any CPU.ActiveCfg = QA|Any CPU
		{38EAB49D-9618-4143-BFD2-5D4CD20BCFF6}.PRISTINE|Any CPU.Build.0 = QA|Any CPU
		{38EAB49D-9618-4143-BFD2-5D4CD20BCFF6}.PRISTINE|x64.ActiveCfg = QA|Any CPU
		{38EAB49D-9618-4143-BFD2-5D4CD20BCFF6}.PROD|Any CPU.ActiveCfg = QA|Any CPU
		{38EAB49D-9618-4143-BFD2-5D4CD20BCFF6}.PROD|Any CPU.Build.0 = QA|Any CPU
		{38EAB49D-9618-4143-BFD2-5D4CD20BCFF6}.PROD|x64.ActiveCfg = QA|Any CPU
		{38EAB49D-9618-4143-BFD2-5D4CD20BCFF6}.QA|Any CPU.ActiveCfg = QA|Any CPU
		{38EAB49D-9618-4143-BFD2-5D4CD20BCFF6}.QA|Any CPU.Build.0 = QA|Any CPU
		{38EAB49D-9618-4143-BFD2-5D4CD20BCFF6}.QA|x64.ActiveCfg = QA|Any CPU
		{38EAB49D-9618-4143-BFD2-5D4CD20BCFF6}.Release|Any CPU.ActiveCfg = Release|Any CPU
		{38EAB49D-9618-4143-BFD2-5D4CD20BCFF6}.Release|Any CPU.Build.0 = Release|Any CPU
		{38EAB49D-9618-4143-BFD2-5D4CD20BCFF6}.Release|x64.ActiveCfg = Release|Any CPU
		{74354750-D2B9-4B4A-8553-97CA6EC6C5D6}.Debug|Any CPU.ActiveCfg = Debug|Any CPU
		{74354750-D2B9-4B4A-8553-97CA6EC6C5D6}.Debug|Any CPU.Build.0 = Debug|Any CPU
		{74354750-D2B9-4B4A-8553-97CA6EC6C5D6}.Debug|x64.ActiveCfg = Debug|Any CPU
		{74354750-D2B9-4B4A-8553-97CA6EC6C5D6}.DEV_PROD_REFRESH|Any CPU.ActiveCfg = Debug|Any CPU
		{74354750-D2B9-4B4A-8553-97CA6EC6C5D6}.DEV_PROD_REFRESH|Any CPU.Build.0 = Debug|Any CPU
		{74354750-D2B9-4B4A-8553-97CA6EC6C5D6}.DEV_PROD_REFRESH|x64.ActiveCfg = Debug|Any CPU
		{74354750-D2B9-4B4A-8553-97CA6EC6C5D6}.DEV|Any CPU.ActiveCfg = Debug|Any CPU
		{74354750-D2B9-4B4A-8553-97CA6EC6C5D6}.DEV|Any CPU.Build.0 = Debug|Any CPU
		{74354750-D2B9-4B4A-8553-97CA6EC6C5D6}.DEV|x64.ActiveCfg = Debug|Any CPU
		{74354750-D2B9-4B4A-8553-97CA6EC6C5D6}.LoadTesting|Any CPU.ActiveCfg = Release|Any CPU
		{74354750-D2B9-4B4A-8553-97CA6EC6C5D6}.LoadTesting|Any CPU.Build.0 = Release|Any CPU
		{74354750-D2B9-4B4A-8553-97CA6EC6C5D6}.LoadTesting|x64.ActiveCfg = Release|Any CPU
		{74354750-D2B9-4B4A-8553-97CA6EC6C5D6}.PRISTINE|Any CPU.ActiveCfg = Release|Any CPU
		{74354750-D2B9-4B4A-8553-97CA6EC6C5D6}.PRISTINE|Any CPU.Build.0 = Release|Any CPU
		{74354750-D2B9-4B4A-8553-97CA6EC6C5D6}.PRISTINE|x64.ActiveCfg = Release|Any CPU
		{74354750-D2B9-4B4A-8553-97CA6EC6C5D6}.PROD|Any CPU.ActiveCfg = Release|Any CPU
		{74354750-D2B9-4B4A-8553-97CA6EC6C5D6}.PROD|Any CPU.Build.0 = Release|Any CPU
		{74354750-D2B9-4B4A-8553-97CA6EC6C5D6}.PROD|x64.ActiveCfg = Release|Any CPU
		{74354750-D2B9-4B4A-8553-97CA6EC6C5D6}.QA|Any CPU.ActiveCfg = Release|Any CPU
		{74354750-D2B9-4B4A-8553-97CA6EC6C5D6}.QA|Any CPU.Build.0 = Release|Any CPU
		{74354750-D2B9-4B4A-8553-97CA6EC6C5D6}.QA|x64.ActiveCfg = Release|Any CPU
		{74354750-D2B9-4B4A-8553-97CA6EC6C5D6}.Release|Any CPU.ActiveCfg = Release|Any CPU
		{74354750-D2B9-4B4A-8553-97CA6EC6C5D6}.Release|Any CPU.Build.0 = Release|Any CPU
		{74354750-D2B9-4B4A-8553-97CA6EC6C5D6}.Release|x64.ActiveCfg = Release|Any CPU
		{9DF37EA3-EB8D-4C8E-A189-3F4D8DEB3405}.Debug|Any CPU.ActiveCfg = Debug|Any CPU
		{9DF37EA3-EB8D-4C8E-A189-3F4D8DEB3405}.Debug|Any CPU.Build.0 = Debug|Any CPU
		{9DF37EA3-EB8D-4C8E-A189-3F4D8DEB3405}.Debug|x64.ActiveCfg = Debug|Any CPU
		{9DF37EA3-EB8D-4C8E-A189-3F4D8DEB3405}.DEV_PROD_REFRESH|Any CPU.ActiveCfg = Debug|Any CPU
		{9DF37EA3-EB8D-4C8E-A189-3F4D8DEB3405}.DEV_PROD_REFRESH|Any CPU.Build.0 = Debug|Any CPU
		{9DF37EA3-EB8D-4C8E-A189-3F4D8DEB3405}.DEV_PROD_REFRESH|x64.ActiveCfg = Debug|Any CPU
		{9DF37EA3-EB8D-4C8E-A189-3F4D8DEB3405}.DEV|Any CPU.ActiveCfg = Debug|Any CPU
		{9DF37EA3-EB8D-4C8E-A189-3F4D8DEB3405}.DEV|Any CPU.Build.0 = Debug|Any CPU
		{9DF37EA3-EB8D-4C8E-A189-3F4D8DEB3405}.DEV|x64.ActiveCfg = Debug|Any CPU
		{9DF37EA3-EB8D-4C8E-A189-3F4D8DEB3405}.LoadTesting|Any CPU.ActiveCfg = Release|Any CPU
		{9DF37EA3-EB8D-4C8E-A189-3F4D8DEB3405}.LoadTesting|Any CPU.Build.0 = Release|Any CPU
		{9DF37EA3-EB8D-4C8E-A189-3F4D8DEB3405}.LoadTesting|x64.ActiveCfg = Release|Any CPU
		{9DF37EA3-EB8D-4C8E-A189-3F4D8DEB3405}.PRISTINE|Any CPU.ActiveCfg = Release|Any CPU
		{9DF37EA3-EB8D-4C8E-A189-3F4D8DEB3405}.PRISTINE|Any CPU.Build.0 = Release|Any CPU
		{9DF37EA3-EB8D-4C8E-A189-3F4D8DEB3405}.PRISTINE|x64.ActiveCfg = Release|Any CPU
		{9DF37EA3-EB8D-4C8E-A189-3F4D8DEB3405}.PROD|Any CPU.ActiveCfg = Release|Any CPU
		{9DF37EA3-EB8D-4C8E-A189-3F4D8DEB3405}.PROD|Any CPU.Build.0 = Release|Any CPU
		{9DF37EA3-EB8D-4C8E-A189-3F4D8DEB3405}.PROD|x64.ActiveCfg = Release|Any CPU
		{9DF37EA3-EB8D-4C8E-A189-3F4D8DEB3405}.QA|Any CPU.ActiveCfg = Release|Any CPU
		{9DF37EA3-EB8D-4C8E-A189-3F4D8DEB3405}.QA|Any CPU.Build.0 = Release|Any CPU
		{9DF37EA3-EB8D-4C8E-A189-3F4D8DEB3405}.QA|x64.ActiveCfg = Release|Any CPU
		{9DF37EA3-EB8D-4C8E-A189-3F4D8DEB3405}.Release|Any CPU.ActiveCfg = Release|Any CPU
		{9DF37EA3-EB8D-4C8E-A189-3F4D8DEB3405}.Release|Any CPU.Build.0 = Release|Any CPU
		{9DF37EA3-EB8D-4C8E-A189-3F4D8DEB3405}.Release|x64.ActiveCfg = Release|Any CPU
	EndGlobalSection
	GlobalSection(SolutionProperties) = preSolution
		HideSolutionNode = FALSE
	EndGlobalSection
	GlobalSection(NestedProjects) = preSolution
		{02E49EBA-183A-4599-AE1B-3F285F4C6DF2} = {16737015-FE69-42C8-980E-56350EED0D50}
		{718F7559-6447-4674-AFA4-61A46A1732CB} = {16737015-FE69-42C8-980E-56350EED0D50}
		{CF2B92A9-6E1D-4472-AD9C-AED6DC86A62C} = {173AC5D4-7879-4A50-A4CD-596B22D0FB51}
		{C7070F01-3D37-425D-ABD5-E02D7CFAEA43} = {173AC5D4-7879-4A50-A4CD-596B22D0FB51}
		{B1D7B9EC-976A-4C09-A46F-81C1D7933B12} = {173AC5D4-7879-4A50-A4CD-596B22D0FB51}
		{800708C5-6692-4C91-BE89-729A017B5027} = {173AC5D4-7879-4A50-A4CD-596B22D0FB51}
		{DCC579E2-F0D2-48C9-B660-DFAF8858C40C} = {173AC5D4-7879-4A50-A4CD-596B22D0FB51}
		{0F4B287E-C927-4AC5-BDD2-9FBAC3F36624} = {173AC5D4-7879-4A50-A4CD-596B22D0FB51}
		{45A498CC-0FDF-4B3B-833B-FD0B008AA8D9} = {32B405E5-12BF-47DA-9263-03EA099B25CB}
		{DC4AEAAB-7123-4E1C-BD7D-FB0913C68B2C} = {32B405E5-12BF-47DA-9263-03EA099B25CB}
		{79D1137E-0FFD-4CBD-8B2A-29546A856306} = {32B405E5-12BF-47DA-9263-03EA099B25CB}
		{19E52C79-1FE3-4385-A035-B603213C099E} = {6D5FD2C4-409E-42F0-B17B-78DB32C863D6}
		{4D185F8E-C2A0-442A-A05E-78B566361562} = {6D5FD2C4-409E-42F0-B17B-78DB32C863D6}
		{F5A60C36-AA1F-4849-A9E7-465F7963DF9F} = {6D5FD2C4-409E-42F0-B17B-78DB32C863D6}
		{BFFD6B7A-4EA1-431A-916A-8214BD16E049} = {6D5FD2C4-409E-42F0-B17B-78DB32C863D6}
		{4F1BF9DB-1226-4867-9E41-129B214F24F2} = {6D5FD2C4-409E-42F0-B17B-78DB32C863D6}
		{36DBAE21-2A80-4C92-B72D-50843A18FCED} = {6D5FD2C4-409E-42F0-B17B-78DB32C863D6}
		{E1052EA2-8A39-4650-B22F-728393781E13} = {6D5FD2C4-409E-42F0-B17B-78DB32C863D6}
		{AD00B777-4D80-4D59-AFA0-BD3088938BFF} = {6D5FD2C4-409E-42F0-B17B-78DB32C863D6}
		{756A544B-3923-4A7E-847A-9AAB50FEB106} = {6D5FD2C4-409E-42F0-B17B-78DB32C863D6}
		{ABEDE889-2258-4429-87C8-96AF317C7593} = {6D5FD2C4-409E-42F0-B17B-78DB32C863D6}
		{71124912-42B5-49BF-ACBD-E38F09FACA70} = {6D5FD2C4-409E-42F0-B17B-78DB32C863D6}
		{392A9467-B225-4300-BC1A-F34983AFBC3D} = {6D5FD2C4-409E-42F0-B17B-78DB32C863D6}
		{BC9BEF83-63D6-4A27-9BD2-6787EF9A8F5B} = {6D5FD2C4-409E-42F0-B17B-78DB32C863D6}
		{63B45011-8967-41AC-B6BB-0A2C42D01CB8} = {6D5FD2C4-409E-42F0-B17B-78DB32C863D6}
		{5D71B360-BDD7-4E5B-B551-5BE74E4339EF} = {6D5FD2C4-409E-42F0-B17B-78DB32C863D6}
		{05B302F3-4EC7-4FE9-AEF2-37679E1EC47D} = {FF845810-CB11-44FA-93AF-0BC8136A2D3A}
		{38EAB49D-9618-4143-BFD2-5D4CD20BCFF6} = {FF845810-CB11-44FA-93AF-0BC8136A2D3A}
		{74354750-D2B9-4B4A-8553-97CA6EC6C5D6} = {FF845810-CB11-44FA-93AF-0BC8136A2D3A}
		{9DF37EA3-EB8D-4C8E-A189-3F4D8DEB3405} = {FF845810-CB11-44FA-93AF-0BC8136A2D3A}
	EndGlobalSection
	GlobalSection(ExtensibilityGlobals) = postSolution
		EnterpriseLibraryConfigurationToolBinariesPathV6 = packages\EnterpriseLibrary.Common.6.0.1304.0\lib\NET45;packages\EnterpriseLibrary.Logging.6.0.1304.0\lib\NET45
	EndGlobalSection
EndGlobal
