
Microsoft Visual Studio Solution File, Format Version 12.00
# Visual Studio 2013
VisualStudioVersion = 12.0.30110.0
MinimumVisualStudioVersion = 10.0.40219.1
Project("{FAE04EC0-301F-11D3-BF4B-00C04F79EFBC}") = "Macmillan.PXQBA.Web", "Web\Macmillan.PXQBA.Web\Macmillan.PXQBA.Web.csproj", "{BF9D69B2-6D29-44B6-82BB-53E55C71CFF9}"
EndProject
Project("{2150E333-8FDC-42A3-9474-1A3956D46DE8}") = "Web", "Web", "{16737015-FE69-42C8-980E-56350EED0D50}"
EndProject
Project("{2150E333-8FDC-42A3-9474-1A3956D46DE8}") = "Business", "Business", "{173AC5D4-7879-4A50-A4CD-596B22D0FB51}"
EndProject
Project("{2150E333-8FDC-42A3-9474-1A3956D46DE8}") = "Common", "Common", "{32B405E5-12BF-47DA-9263-03EA099B25CB}"
EndProject
Project("{2150E333-8FDC-42A3-9474-1A3956D46DE8}") = "PXShared", "PXShared", "{6D5FD2C4-409E-42F0-B17B-78DB32C863D6}"
EndProject
Global
	GlobalSection(SolutionConfigurationPlatforms) = preSolution
		Debug|Any CPU = Debug|Any CPU
		Release|Any CPU = Release|Any CPU
	EndGlobalSection
	GlobalSection(ProjectConfigurationPlatforms) = postSolution
		{BF9D69B2-6D29-44B6-82BB-53E55C71CFF9}.Debug|Any CPU.ActiveCfg = Debug|Any CPU
		{BF9D69B2-6D29-44B6-82BB-53E55C71CFF9}.Debug|Any CPU.Build.0 = Debug|Any CPU
		{BF9D69B2-6D29-44B6-82BB-53E55C71CFF9}.Release|Any CPU.ActiveCfg = Release|Any CPU
		{BF9D69B2-6D29-44B6-82BB-53E55C71CFF9}.Release|Any CPU.Build.0 = Release|Any CPU
	EndGlobalSection
	GlobalSection(SolutionProperties) = preSolution
		HideSolutionNode = FALSE
	EndGlobalSection
	GlobalSection(NestedProjects) = preSolution
		{BF9D69B2-6D29-44B6-82BB-53E55C71CFF9} = {16737015-FE69-42C8-980E-56350EED0D50}
	EndGlobalSection
EndGlobal
