
Microsoft Visual Studio Solution File, Format Version 10.00
# Visual Studio 2008
Project("{FAE04EC0-301F-11D3-BF4B-00C04F79EFBC}") = "PutRes", "PutRes\PutRes.csproj", "{6F7232C4-B55D-4E1A-86E3-F1B4101BBB04}"
EndProject
Project("{FAE04EC0-301F-11D3-BF4B-00C04F79EFBC}") = "Bfw.Agilix.Commands", "..\..\..\Bfw.Agilix\Bfw.Agilix.Commands\Bfw.Agilix.Commands.csproj", "{19E52C79-1FE3-4385-A035-B603213C099E}"
EndProject
Project("{FAE04EC0-301F-11D3-BF4B-00C04F79EFBC}") = "Bfw.Agilix.Services", "..\..\..\Bfw.Agilix\Bfw.Agilix.Services\Bfw.Agilix.Services.csproj", "{81E2C1AB-9681-43F3-9487-B2BD30AA2148}"
EndProject
Project("{FAE04EC0-301F-11D3-BF4B-00C04F79EFBC}") = "Bfw.Agilix.ServiceContracts", "..\..\..\Bfw.Agilix\Bfw.Agilix.ServiceContracts\Bfw.Agilix.ServiceContracts.csproj", "{59504C8E-6DDD-4B6B-A943-1CF2FEDC0FB3}"
EndProject
Project("{FAE04EC0-301F-11D3-BF4B-00C04F79EFBC}") = "Bfw.Common.Patterns", "..\..\..\Bfw.Common\Bfw.Common.Patterns\Bfw.Common.Patterns.csproj", "{AD00B777-4D80-4D59-AFA0-BD3088938BFF}"
EndProject
Project("{FAE04EC0-301F-11D3-BF4B-00C04F79EFBC}") = "Bfw.Agilix.Dlap", "..\..\..\Bfw.Agilix\Bfw.Agilix.Dlap\Bfw.Agilix.Dlap.csproj", "{F5A60C36-AA1F-4849-A9E7-465F7963DF9F}"
EndProject
Project("{FAE04EC0-301F-11D3-BF4B-00C04F79EFBC}") = "Bfw.Agilix.DataContracts", "..\..\..\Bfw.Agilix\Bfw.Agilix.DataContracts\Bfw.Agilix.DataContracts.csproj", "{4D185F8E-C2A0-442A-A05E-78B566361562}"
EndProject
Project("{FAE04EC0-301F-11D3-BF4B-00C04F79EFBC}") = "Bfw.Common", "..\..\..\Bfw.Common\Bfw.Common\Bfw.Common.csproj", "{4F1BF9DB-1226-4867-9E41-129B214F24F2}"
EndProject
Project("{FAE04EC0-301F-11D3-BF4B-00C04F79EFBC}") = "Bfw.Agilix.Dlap.Components", "..\..\..\Bfw.Agilix\Bfw.Agilix.Dlap.Components\Bfw.Agilix.Dlap.Components.csproj", "{BFFD6B7A-4EA1-431A-916A-8214BD16E049}"
EndProject
Global
	GlobalSection(SolutionConfigurationPlatforms) = preSolution
		Debug|Any CPU = Debug|Any CPU
		Release|Any CPU = Release|Any CPU
	EndGlobalSection
	GlobalSection(ProjectConfigurationPlatforms) = postSolution
		{6F7232C4-B55D-4E1A-86E3-F1B4101BBB04}.Debug|Any CPU.ActiveCfg = Debug|Any CPU
		{6F7232C4-B55D-4E1A-86E3-F1B4101BBB04}.Debug|Any CPU.Build.0 = Debug|Any CPU
		{6F7232C4-B55D-4E1A-86E3-F1B4101BBB04}.Release|Any CPU.ActiveCfg = Release|Any CPU
		{6F7232C4-B55D-4E1A-86E3-F1B4101BBB04}.Release|Any CPU.Build.0 = Release|Any CPU
		{19E52C79-1FE3-4385-A035-B603213C099E}.Debug|Any CPU.ActiveCfg = Debug|Any CPU
		{19E52C79-1FE3-4385-A035-B603213C099E}.Debug|Any CPU.Build.0 = Debug|Any CPU
		{19E52C79-1FE3-4385-A035-B603213C099E}.Release|Any CPU.ActiveCfg = Release|Any CPU
		{19E52C79-1FE3-4385-A035-B603213C099E}.Release|Any CPU.Build.0 = Release|Any CPU
		{81E2C1AB-9681-43F3-9487-B2BD30AA2148}.Debug|Any CPU.ActiveCfg = Debug|Any CPU
		{81E2C1AB-9681-43F3-9487-B2BD30AA2148}.Debug|Any CPU.Build.0 = Debug|Any CPU
		{81E2C1AB-9681-43F3-9487-B2BD30AA2148}.Release|Any CPU.ActiveCfg = Release|Any CPU
		{81E2C1AB-9681-43F3-9487-B2BD30AA2148}.Release|Any CPU.Build.0 = Release|Any CPU
		{59504C8E-6DDD-4B6B-A943-1CF2FEDC0FB3}.Debug|Any CPU.ActiveCfg = Debug|Any CPU
		{59504C8E-6DDD-4B6B-A943-1CF2FEDC0FB3}.Debug|Any CPU.Build.0 = Debug|Any CPU
		{59504C8E-6DDD-4B6B-A943-1CF2FEDC0FB3}.Release|Any CPU.ActiveCfg = Release|Any CPU
		{59504C8E-6DDD-4B6B-A943-1CF2FEDC0FB3}.Release|Any CPU.Build.0 = Release|Any CPU
		{AD00B777-4D80-4D59-AFA0-BD3088938BFF}.Debug|Any CPU.ActiveCfg = Debug|Any CPU
		{AD00B777-4D80-4D59-AFA0-BD3088938BFF}.Debug|Any CPU.Build.0 = Debug|Any CPU
		{AD00B777-4D80-4D59-AFA0-BD3088938BFF}.Release|Any CPU.ActiveCfg = Release|Any CPU
		{AD00B777-4D80-4D59-AFA0-BD3088938BFF}.Release|Any CPU.Build.0 = Release|Any CPU
		{F5A60C36-AA1F-4849-A9E7-465F7963DF9F}.Debug|Any CPU.ActiveCfg = Debug|Any CPU
		{F5A60C36-AA1F-4849-A9E7-465F7963DF9F}.Debug|Any CPU.Build.0 = Debug|Any CPU
		{F5A60C36-AA1F-4849-A9E7-465F7963DF9F}.Release|Any CPU.ActiveCfg = Release|Any CPU
		{F5A60C36-AA1F-4849-A9E7-465F7963DF9F}.Release|Any CPU.Build.0 = Release|Any CPU
		{4D185F8E-C2A0-442A-A05E-78B566361562}.Debug|Any CPU.ActiveCfg = Debug|Any CPU
		{4D185F8E-C2A0-442A-A05E-78B566361562}.Debug|Any CPU.Build.0 = Debug|Any CPU
		{4D185F8E-C2A0-442A-A05E-78B566361562}.Release|Any CPU.ActiveCfg = Release|Any CPU
		{4D185F8E-C2A0-442A-A05E-78B566361562}.Release|Any CPU.Build.0 = Release|Any CPU
		{4F1BF9DB-1226-4867-9E41-129B214F24F2}.Debug|Any CPU.ActiveCfg = Debug|Any CPU
		{4F1BF9DB-1226-4867-9E41-129B214F24F2}.Debug|Any CPU.Build.0 = Debug|Any CPU
		{4F1BF9DB-1226-4867-9E41-129B214F24F2}.Release|Any CPU.ActiveCfg = Release|Any CPU
		{4F1BF9DB-1226-4867-9E41-129B214F24F2}.Release|Any CPU.Build.0 = Release|Any CPU
		{BFFD6B7A-4EA1-431A-916A-8214BD16E049}.Debug|Any CPU.ActiveCfg = Debug|Any CPU
		{BFFD6B7A-4EA1-431A-916A-8214BD16E049}.Debug|Any CPU.Build.0 = Debug|Any CPU
		{BFFD6B7A-4EA1-431A-916A-8214BD16E049}.Release|Any CPU.ActiveCfg = Release|Any CPU
		{BFFD6B7A-4EA1-431A-916A-8214BD16E049}.Release|Any CPU.Build.0 = Release|Any CPU
	EndGlobalSection
	GlobalSection(SolutionProperties) = preSolution
		HideSolutionNode = FALSE
	EndGlobalSection
EndGlobal
