
Microsoft Visual Studio Solution File, Format Version 11.00
# Visual Studio 2010
Project("{FAE04EC0-301F-11D3-BF4B-00C04F79EFBC}") = "WebApplicationTest", "WebApplicationTest\WebApplicationTest.csproj", "{45933895-0D0D-4D96-B080-1620F8E0D6D2}"
EndProject
Project("{2150E333-8FDC-42A3-9474-1A3956D46DE8}") = "Solution Items", "Solution Items", "{A27925FD-32BE-4EA1-B317-4BA943AA0C87}"
	ProjectSection(SolutionItems) = preProject
		Local.testsettings = Local.testsettings
		TraceAndTestImpact.testsettings = TraceAndTestImpact.testsettings
		WebApplicationTest.vsmdi = WebApplicationTest.vsmdi
	EndProjectSection
EndProject
Global
	GlobalSection(TestCaseManagementSettings) = postSolution
		CategoryFile = WebApplicationTest.vsmdi
	EndGlobalSection
	GlobalSection(SolutionConfigurationPlatforms) = preSolution
		Debug|Any CPU = Debug|Any CPU
		Release|Any CPU = Release|Any CPU
	EndGlobalSection
	GlobalSection(ProjectConfigurationPlatforms) = postSolution
		{45933895-0D0D-4D96-B080-1620F8E0D6D2}.Debug|Any CPU.ActiveCfg = Debug|Any CPU
		{45933895-0D0D-4D96-B080-1620F8E0D6D2}.Debug|Any CPU.Build.0 = Debug|Any CPU
		{45933895-0D0D-4D96-B080-1620F8E0D6D2}.Release|Any CPU.ActiveCfg = Release|Any CPU
		{45933895-0D0D-4D96-B080-1620F8E0D6D2}.Release|Any CPU.Build.0 = Release|Any CPU
	EndGlobalSection
	GlobalSection(SolutionProperties) = preSolution
		HideSolutionNode = FALSE
	EndGlobalSection
EndGlobal
